// !$*UTF8*$!
{
	archiveVersion = 1;
	classes = {
	};
	objectVersion = 54;
	objects = {

/* Begin PBXBuildFile section */
		970130E021B07EC000E7CFEC /* SearchAPITpb.swift in Sources */ = {isa = PBXBuildFile; fileRef = 970130DF21B07EC000E7CFEC /* SearchAPITpb.swift */; };
		970130E221B084E500E7CFEC /* Alamofire+SY.swift in Sources */ = {isa = PBXBuildFile; fileRef = 970130E121B084E500E7CFEC /* Alamofire+SY.swift */; };
		9703046D2B9876A500F48AEE /* Log.swift in Sources */ = {isa = PBXBuildFile; fileRef = 9703046C2B9876A500F48AEE /* Log.swift */; };
		9715A479251B9CD200C2C52F /* SceneDelegate.swift in Sources */ = {isa = PBXBuildFile; fileRef = 9715A478251B9CD200C2C52F /* SceneDelegate.swift */; };
		9715A508251BA32B00C2C52F /* ViewRouter.swift in Sources */ = {isa = PBXBuildFile; fileRef = 9715A507251BA32B00C2C52F /* ViewRouter.swift */; };
		972143DC2BAA2790003424F4 /* Alamofire in Frameworks */ = {isa = PBXBuildFile; productRef = 972143DB2BAA2790003424F4 /* Alamofire */; };
		972143DF2BAA279A003424F4 /* BrightFutures in Frameworks */ = {isa = PBXBuildFile; productRef = 972143DE2BAA279A003424F4 /* BrightFutures */; };
		972143E22BAA27A8003424F4 /* TPKeyboardAvoiding in Frameworks */ = {isa = PBXBuildFile; productRef = 972143E12BAA27A8003424F4 /* TPKeyboardAvoiding */; };
		972143E52BAA27B5003424F4 /* SYKit in Frameworks */ = {isa = PBXBuildFile; productRef = 972143E42BAA27B5003424F4 /* SYKit */; };
		972143EB2BAA2A11003424F4 /* Disco in Frameworks */ = {isa = PBXBuildFile; productRef = 972143EA2BAA2A11003424F4 /* Disco */; };
		972589AD21B0AD6D00FCE9D5 /* AppError.swift in Sources */ = {isa = PBXBuildFile; fileRef = 972589AC21B0AD6D00FCE9D5 /* AppError.swift */; };
		972B4FBC24BBCF270026BFE4 /* String+SY.swift in Sources */ = {isa = PBXBuildFile; fileRef = 972B4FBB24BBCF270026BFE4 /* String+SY.swift */; };
		973784321BD40649001AD487 /* Launch.storyboard in Resources */ = {isa = PBXBuildFile; fileRef = 973784311BD40649001AD487 /* Launch.storyboard */; };
		9739EFB92B7BB2E600299924 /* SearchAPIYts.swift in Sources */ = {isa = PBXBuildFile; fileRef = 9739EFB82B7BB2E600299924 /* SearchAPIYts.swift */; };
		9739EFBB2B7BB35000299924 /* SearchResultYts.swift in Sources */ = {isa = PBXBuildFile; fileRef = 9739EFBA2B7BB35000299924 /* SearchResultYts.swift */; };
		9747560A232AB4DA0038698E /* ViewController.swift in Sources */ = {isa = PBXBuildFile; fileRef = 97475609232AB4DA0038698E /* ViewController.swift */; };
		9748F2772BF190BD00A2B768 /* Shush in Frameworks */ = {isa = PBXBuildFile; productRef = 9748F2762BF190BD00A2B768 /* Shush */; };
		9748F2792BF1917C00A2B768 /* Torrent.swift in Sources */ = {isa = PBXBuildFile; fileRef = 9748F2782BF1917C00A2B768 /* Torrent.swift */; };
		9748F27D2BF193F200A2B768 /* Bencode in Frameworks */ = {isa = PBXBuildFile; productRef = 9748F27C2BF193F200A2B768 /* Bencode */; };
		974D372A21B150FC00C0FDDE /* SearchResult.swift in Sources */ = {isa = PBXBuildFile; fileRef = 974D372921B150FC00C0FDDE /* SearchResult.swift */; };
		974D373B21B49D4800C0FDDE /* TransmissionAPI.swift in Sources */ = {isa = PBXBuildFile; fileRef = 974D373A21B49D4800C0FDDE /* TransmissionAPI.swift */; };
		974D3A1424BB327900953757 /* SuggestionCell.swift in Sources */ = {isa = PBXBuildFile; fileRef = 974D3A1224BB327900953757 /* SuggestionCell.swift */; };
		974D3A1524BB327900953757 /* SuggestionCell.xib in Resources */ = {isa = PBXBuildFile; fileRef = 974D3A1324BB327900953757 /* SuggestionCell.xib */; };
		9767C2312B7E7743004EE4FE /* SearchAPI.swift in Sources */ = {isa = PBXBuildFile; fileRef = 9767C2302B7E7743004EE4FE /* SearchAPI.swift */; };
		9767C2372B7E9144004EE4FE /* ApiError.swift in Sources */ = {isa = PBXBuildFile; fileRef = 9767C2362B7E9144004EE4FE /* ApiError.swift */; };
		9768CA6321B55838000AA7C2 /* UIColor+SY.swift in Sources */ = {isa = PBXBuildFile; fileRef = 9768CA6221B55838000AA7C2 /* UIColor+SY.swift */; };
		9768CA6521B5770B000AA7C2 /* Client.swift in Sources */ = {isa = PBXBuildFile; fileRef = 9768CA6421B5770B000AA7C2 /* Client.swift */; };
		9768CA6721B57B33000AA7C2 /* Client+UI.swift in Sources */ = {isa = PBXBuildFile; fileRef = 9768CA6621B57B33000AA7C2 /* Client+UI.swift */; };
		976BA0152B5F437A0065542F /* DateFormatter+SY.swift in Sources */ = {isa = PBXBuildFile; fileRef = 976BA0142B5F437A0065542F /* DateFormatter+SY.swift */; };
		976D5EF9230E0E3600573E0D /* Localizable.strings in Resources */ = {isa = PBXBuildFile; fileRef = 976D5EFB230E0E3600573E0D /* Localizable.strings */; };
		9770C6F72B8AA3C800707BCD /* HistoryItem.swift in Sources */ = {isa = PBXBuildFile; fileRef = 9770C6F62B8AA3C800707BCD /* HistoryItem.swift */; };
		9770C6F92B8AAA5200707BCD /* ResultsDataSource.swift in Sources */ = {isa = PBXBuildFile; fileRef = 9770C6F82B8AAA5200707BCD /* ResultsDataSource.swift */; };
		9770C6FB2B8AAB4F00707BCD /* IdentifiableResult.swift in Sources */ = {isa = PBXBuildFile; fileRef = 9770C6FA2B8AAB4F00707BCD /* IdentifiableResult.swift */; };
		9771AB1321AEC919005DE97D /* MainVC.swift in Sources */ = {isa = PBXBuildFile; fileRef = 9771AB1221AEC919005DE97D /* MainVC.swift */; };
		9771AB1B21AEDC92005DE97D /* AppDelegate.swift in Sources */ = {isa = PBXBuildFile; fileRef = 9771AB1A21AEDC92005DE97D /* AppDelegate.swift */; };
		9771AB1F21AEE457005DE97D /* MagnetPopupVC.swift in Sources */ = {isa = PBXBuildFile; fileRef = 9771AB1E21AEE457005DE97D /* MagnetPopupVC.swift */; };
		9771AB2121AEE679005DE97D /* MagnetPopupVC.xib in Resources */ = {isa = PBXBuildFile; fileRef = 9771AB2021AEE679005DE97D /* MagnetPopupVC.xib */; };
		9771AB2321AEF1A5005DE97D /* URL+SY.swift in Sources */ = {isa = PBXBuildFile; fileRef = 9771AB2221AEF1A5005DE97D /* URL+SY.swift */; };
		9771AB2921AEF898005DE97D /* NavigationController.swift in Sources */ = {isa = PBXBuildFile; fileRef = 9771AB2821AEF898005DE97D /* NavigationController.swift */; };
		9771AB2B21AEF901005DE97D /* DiscoverClientsVC.swift in Sources */ = {isa = PBXBuildFile; fileRef = 9771AB2A21AEF901005DE97D /* DiscoverClientsVC.swift */; };
		9771AB2D21AEFF09005DE97D /* EditClientVC.swift in Sources */ = {isa = PBXBuildFile; fileRef = 9771AB2C21AEFF09005DE97D /* EditClientVC.swift */; };
		9771AB3121AF0534005DE97D /* ClientCell.swift in Sources */ = {isa = PBXBuildFile; fileRef = 9771AB3021AF0534005DE97D /* ClientCell.swift */; };
		9771AB3321AF08E4005DE97D /* ResultCell.swift in Sources */ = {isa = PBXBuildFile; fileRef = 9771AB3221AF08E4005DE97D /* ResultCell.swift */; };
		9771AB3521AF0C59005DE97D /* ClientFormCell.swift in Sources */ = {isa = PBXBuildFile; fileRef = 9771AB3421AF0C59005DE97D /* ClientFormCell.swift */; };
		9771AB3721AF2BA4005DE97D /* Preferences.swift in Sources */ = {isa = PBXBuildFile; fileRef = 9771AB3621AF2BA4005DE97D /* Preferences.swift */; };
		97888C9F21B5A745004EB144 /* Codable+SY.swift in Sources */ = {isa = PBXBuildFile; fileRef = 97888C9E21B5A745004EB144 /* Codable+SY.swift */; };
		9792F0D72A14EEB9001F2EE1 /* UIImage+SY.swift in Sources */ = {isa = PBXBuildFile; fileRef = 9792F0D62A14EEB9001F2EE1 /* UIImage+SY.swift */; };
		97A18E0C1BBC011900F33AF5 /* MainVC.xib in Resources */ = {isa = PBXBuildFile; fileRef = 97A18E0B1BBC011900F33AF5 /* MainVC.xib */; };
		97A18E0E1BBC016B00F33AF5 /* ClientCell.xib in Resources */ = {isa = PBXBuildFile; fileRef = 97A18E0D1BBC016B00F33AF5 /* ClientCell.xib */; };
		97A18E121BBC017500F33AF5 /* ResultCell.xib in Resources */ = {isa = PBXBuildFile; fileRef = 97A18E111BBC017500F33AF5 /* ResultCell.xib */; };
		97A18E141BBC017C00F33AF5 /* DiscoverClientsVC.xib in Resources */ = {isa = PBXBuildFile; fileRef = 97A18E131BBC017C00F33AF5 /* DiscoverClientsVC.xib */; };
		97C0D28724C71CBA00AFB781 /* SuggestionsVC.swift in Sources */ = {isa = PBXBuildFile; fileRef = 97C0D28524C71CBA00AFB781 /* SuggestionsVC.swift */; };
		97C0D28824C71CBA00AFB781 /* SuggestionsVC.xib in Resources */ = {isa = PBXBuildFile; fileRef = 97C0D28624C71CBA00AFB781 /* SuggestionsVC.xib */; };
		97C1E4F32A164203003F432E /* UIBarButtonItem+SY.swift in Sources */ = {isa = PBXBuildFile; fileRef = 97C1E4F22A164203003F432E /* UIBarButtonItem+SY.swift */; };
		97C1E4F52A16441F003F432E /* UITableViewCell+SY.swift in Sources */ = {isa = PBXBuildFile; fileRef = 97C1E4F42A16441F003F432E /* UITableViewCell+SY.swift */; };
		97C1E4FE2A16AC3B003F432E /* ResultsVC.swift in Sources */ = {isa = PBXBuildFile; fileRef = 97C1E4FC2A16AC3B003F432E /* ResultsVC.swift */; };
		97C1E4FF2A16AC3B003F432E /* ResultsVC.xib in Resources */ = {isa = PBXBuildFile; fileRef = 97C1E4FD2A16AC3B003F432E /* ResultsVC.xib */; };
		97C1E5012A16B016003F432E /* UIViewController+SY.swift in Sources */ = {isa = PBXBuildFile; fileRef = 97C1E5002A16B016003F432E /* UIViewController+SY.swift */; };
		97C1E5032A16B0AF003F432E /* Action.swift in Sources */ = {isa = PBXBuildFile; fileRef = 97C1E5022A16B0AF003F432E /* Action.swift */; };
		97CEA9402A16CC0C00212F49 /* ClientsDataSource.swift in Sources */ = {isa = PBXBuildFile; fileRef = 97CEA93F2A16CC0C00212F49 /* ClientsDataSource.swift */; };
		97CEA9432A16CE9100212F49 /* NavigationBar.swift in Sources */ = {isa = PBXBuildFile; fileRef = 97CEA9422A16CE9100212F49 /* NavigationBar.swift */; };
		97DA4D842A43C22700E4F04D /* SearchAPILeetx.swift in Sources */ = {isa = PBXBuildFile; fileRef = 97DA4D832A43C22700E4F04D /* SearchAPILeetx.swift */; };
		97DA4D862A43C23C00E4F04D /* SearchAPIKind.swift in Sources */ = {isa = PBXBuildFile; fileRef = 97DA4D852A43C23C00E4F04D /* SearchAPIKind.swift */; };
		97DA4D882A43C29F00E4F04D /* AppAPI.swift in Sources */ = {isa = PBXBuildFile; fileRef = 97DA4D872A43C29F00E4F04D /* AppAPI.swift */; };
		97DA4D8A2A43C3EB00E4F04D /* SearchResultTpb.swift in Sources */ = {isa = PBXBuildFile; fileRef = 97DA4D892A43C3EB00E4F04D /* SearchResultTpb.swift */; };
		97DA4D8C2A43C5B400E4F04D /* SearchResultLeetx.swift in Sources */ = {isa = PBXBuildFile; fileRef = 97DA4D8B2A43C5B400E4F04D /* SearchResultLeetx.swift */; };
		97DB10F52B60A6B600FBC685 /* SearchResultT9.swift in Sources */ = {isa = PBXBuildFile; fileRef = 97DB10F42B60A6B600FBC685 /* SearchResultT9.swift */; };
		97DB10F72B60A72400FBC685 /* SearchAPIT9.swift in Sources */ = {isa = PBXBuildFile; fileRef = 97DB10F62B60A72400FBC685 /* SearchAPIT9.swift */; };
		97EF48E02BB847B9004A2EC7 /* TagView.swift in Sources */ = {isa = PBXBuildFile; fileRef = 97EF48DF2BB847B9004A2EC7 /* TagView.swift */; };
		97F911481BC2C45C00BF1848 /* EditClientVC.xib in Resources */ = {isa = PBXBuildFile; fileRef = 97F911461BC2C45C00BF1848 /* EditClientVC.xib */; };
		97F9114D1BC2C73D00BF1848 /* ClientFormCell.xib in Resources */ = {isa = PBXBuildFile; fileRef = 97F9114B1BC2C73D00BF1848 /* ClientFormCell.xib */; };
		F898675B192A317C00735175 /* Foundation.framework in Frameworks */ = {isa = PBXBuildFile; fileRef = F898675A192A317C00735175 /* Foundation.framework */; };
		F898675D192A317C00735175 /* CoreGraphics.framework in Frameworks */ = {isa = PBXBuildFile; fileRef = F898675C192A317C00735175 /* CoreGraphics.framework */; };
		F898675F192A317C00735175 /* UIKit.framework in Frameworks */ = {isa = PBXBuildFile; fileRef = F898675E192A317C00735175 /* UIKit.framework */; };
		F8986776192A317C00735175 /* Assets.xcassets in Resources */ = {isa = PBXBuildFile; fileRef = F8986775192A317C00735175 /* Assets.xcassets */; };
/* End PBXBuildFile section */

/* Begin PBXCopyFilesBuildPhase section */
		F88A0B311A80F7220089DE9A /* Embed Foundation Extensions */ = {
			isa = PBXCopyFilesBuildPhase;
			buildActionMask = 2147483647;
			dstPath = "";
			dstSubfolderSpec = 13;
			files = (
			);
			name = "Embed Foundation Extensions";
			runOnlyForDeploymentPostprocessing = 0;
		};
/* End PBXCopyFilesBuildPhase section */

/* Begin PBXFileReference section */
		970130DF21B07EC000E7CFEC /* SearchAPITpb.swift */ = {isa = PBXFileReference; lastKnownFileType = sourcecode.swift; path = SearchAPITpb.swift; sourceTree = "<group>"; };
		970130E121B084E500E7CFEC /* Alamofire+SY.swift */ = {isa = PBXFileReference; lastKnownFileType = sourcecode.swift; path = "Alamofire+SY.swift"; sourceTree = "<group>"; };
		9703046C2B9876A500F48AEE /* Log.swift */ = {isa = PBXFileReference; lastKnownFileType = sourcecode.swift; path = Log.swift; sourceTree = "<group>"; };
		9715A478251B9CD200C2C52F /* SceneDelegate.swift */ = {isa = PBXFileReference; lastKnownFileType = sourcecode.swift; path = SceneDelegate.swift; sourceTree = "<group>"; };
		9715A507251BA32B00C2C52F /* ViewRouter.swift */ = {isa = PBXFileReference; lastKnownFileType = sourcecode.swift; path = ViewRouter.swift; sourceTree = "<group>"; };
		972589AC21B0AD6D00FCE9D5 /* AppError.swift */ = {isa = PBXFileReference; lastKnownFileType = sourcecode.swift; path = AppError.swift; sourceTree = "<group>"; };
		972B4FBB24BBCF270026BFE4 /* String+SY.swift */ = {isa = PBXFileReference; lastKnownFileType = sourcecode.swift; path = "String+SY.swift"; sourceTree = "<group>"; };
		973784311BD40649001AD487 /* Launch.storyboard */ = {isa = PBXFileReference; fileEncoding = 4; lastKnownFileType = file.storyboard; path = Launch.storyboard; sourceTree = "<group>"; };
		9739EFB82B7BB2E600299924 /* SearchAPIYts.swift */ = {isa = PBXFileReference; lastKnownFileType = sourcecode.swift; path = SearchAPIYts.swift; sourceTree = "<group>"; };
		9739EFBA2B7BB35000299924 /* SearchResultYts.swift */ = {isa = PBXFileReference; lastKnownFileType = sourcecode.swift; path = SearchResultYts.swift; sourceTree = "<group>"; };
		97475609232AB4DA0038698E /* ViewController.swift */ = {isa = PBXFileReference; lastKnownFileType = sourcecode.swift; path = ViewController.swift; sourceTree = "<group>"; };
		9748F2782BF1917C00A2B768 /* Torrent.swift */ = {isa = PBXFileReference; lastKnownFileType = sourcecode.swift; path = Torrent.swift; sourceTree = "<group>"; };
		974D372921B150FC00C0FDDE /* SearchResult.swift */ = {isa = PBXFileReference; lastKnownFileType = sourcecode.swift; path = SearchResult.swift; sourceTree = "<group>"; };
		974D373A21B49D4800C0FDDE /* TransmissionAPI.swift */ = {isa = PBXFileReference; lastKnownFileType = sourcecode.swift; path = TransmissionAPI.swift; sourceTree = "<group>"; };
		974D3A1224BB327900953757 /* SuggestionCell.swift */ = {isa = PBXFileReference; lastKnownFileType = sourcecode.swift; path = SuggestionCell.swift; sourceTree = "<group>"; };
		974D3A1324BB327900953757 /* SuggestionCell.xib */ = {isa = PBXFileReference; lastKnownFileType = file.xib; path = SuggestionCell.xib; sourceTree = "<group>"; };
		9767C2302B7E7743004EE4FE /* SearchAPI.swift */ = {isa = PBXFileReference; lastKnownFileType = sourcecode.swift; path = SearchAPI.swift; sourceTree = "<group>"; };
		9767C2362B7E9144004EE4FE /* ApiError.swift */ = {isa = PBXFileReference; lastKnownFileType = sourcecode.swift; path = ApiError.swift; sourceTree = "<group>"; };
		9768CA6221B55838000AA7C2 /* UIColor+SY.swift */ = {isa = PBXFileReference; lastKnownFileType = sourcecode.swift; path = "UIColor+SY.swift"; sourceTree = "<group>"; };
		9768CA6421B5770B000AA7C2 /* Client.swift */ = {isa = PBXFileReference; lastKnownFileType = sourcecode.swift; path = Client.swift; sourceTree = "<group>"; };
		9768CA6621B57B33000AA7C2 /* Client+UI.swift */ = {isa = PBXFileReference; lastKnownFileType = sourcecode.swift; path = "Client+UI.swift"; sourceTree = "<group>"; };
		976BA0142B5F437A0065542F /* DateFormatter+SY.swift */ = {isa = PBXFileReference; lastKnownFileType = sourcecode.swift; path = "DateFormatter+SY.swift"; sourceTree = "<group>"; };
		976D5EFA230E0E3600573E0D /* en */ = {isa = PBXFileReference; lastKnownFileType = text.plist.strings; name = en; path = en.lproj/Localizable.strings; sourceTree = "<group>"; };
		976D5EFD230E0E4400573E0D /* fr */ = {isa = PBXFileReference; lastKnownFileType = text.plist.strings; name = fr; path = fr.lproj/Localizable.strings; sourceTree = "<group>"; };
		9770C6F62B8AA3C800707BCD /* HistoryItem.swift */ = {isa = PBXFileReference; lastKnownFileType = sourcecode.swift; path = HistoryItem.swift; sourceTree = "<group>"; };
		9770C6F82B8AAA5200707BCD /* ResultsDataSource.swift */ = {isa = PBXFileReference; lastKnownFileType = sourcecode.swift; path = ResultsDataSource.swift; sourceTree = "<group>"; };
		9770C6FA2B8AAB4F00707BCD /* IdentifiableResult.swift */ = {isa = PBXFileReference; lastKnownFileType = sourcecode.swift; path = IdentifiableResult.swift; sourceTree = "<group>"; };
		9771AB1221AEC919005DE97D /* MainVC.swift */ = {isa = PBXFileReference; lastKnownFileType = sourcecode.swift; path = MainVC.swift; sourceTree = "<group>"; };
		9771AB1A21AEDC92005DE97D /* AppDelegate.swift */ = {isa = PBXFileReference; lastKnownFileType = sourcecode.swift; path = AppDelegate.swift; sourceTree = "<group>"; };
		9771AB1E21AEE457005DE97D /* MagnetPopupVC.swift */ = {isa = PBXFileReference; lastKnownFileType = sourcecode.swift; path = MagnetPopupVC.swift; sourceTree = "<group>"; };
		9771AB2021AEE679005DE97D /* MagnetPopupVC.xib */ = {isa = PBXFileReference; lastKnownFileType = file.xib; path = MagnetPopupVC.xib; sourceTree = "<group>"; };
		9771AB2221AEF1A5005DE97D /* URL+SY.swift */ = {isa = PBXFileReference; lastKnownFileType = sourcecode.swift; path = "URL+SY.swift"; sourceTree = "<group>"; };
		9771AB2821AEF898005DE97D /* NavigationController.swift */ = {isa = PBXFileReference; lastKnownFileType = sourcecode.swift; path = NavigationController.swift; sourceTree = "<group>"; };
		9771AB2A21AEF901005DE97D /* DiscoverClientsVC.swift */ = {isa = PBXFileReference; lastKnownFileType = sourcecode.swift; path = DiscoverClientsVC.swift; sourceTree = "<group>"; };
		9771AB2C21AEFF09005DE97D /* EditClientVC.swift */ = {isa = PBXFileReference; lastKnownFileType = sourcecode.swift; path = EditClientVC.swift; sourceTree = "<group>"; };
		9771AB3021AF0534005DE97D /* ClientCell.swift */ = {isa = PBXFileReference; lastKnownFileType = sourcecode.swift; path = ClientCell.swift; sourceTree = "<group>"; };
		9771AB3221AF08E4005DE97D /* ResultCell.swift */ = {isa = PBXFileReference; lastKnownFileType = sourcecode.swift; path = ResultCell.swift; sourceTree = "<group>"; };
		9771AB3421AF0C59005DE97D /* ClientFormCell.swift */ = {isa = PBXFileReference; lastKnownFileType = sourcecode.swift; path = ClientFormCell.swift; sourceTree = "<group>"; };
		9771AB3621AF2BA4005DE97D /* Preferences.swift */ = {isa = PBXFileReference; lastKnownFileType = sourcecode.swift; path = Preferences.swift; sourceTree = "<group>"; };
		9771AB3821AF2D7C005DE97D /* Magneto.entitlements */ = {isa = PBXFileReference; lastKnownFileType = text.plist.entitlements; path = Magneto.entitlements; sourceTree = "<group>"; };
		97888C9E21B5A745004EB144 /* Codable+SY.swift */ = {isa = PBXFileReference; fileEncoding = 4; lastKnownFileType = sourcecode.swift; path = "Codable+SY.swift"; sourceTree = "<group>"; };
		9792F0D62A14EEB9001F2EE1 /* UIImage+SY.swift */ = {isa = PBXFileReference; lastKnownFileType = sourcecode.swift; path = "UIImage+SY.swift"; sourceTree = "<group>"; };
		97A18E0B1BBC011900F33AF5 /* MainVC.xib */ = {isa = PBXFileReference; fileEncoding = 4; lastKnownFileType = file.xib; path = MainVC.xib; sourceTree = "<group>"; };
		97A18E0D1BBC016B00F33AF5 /* ClientCell.xib */ = {isa = PBXFileReference; fileEncoding = 4; lastKnownFileType = file.xib; path = ClientCell.xib; sourceTree = "<group>"; };
		97A18E111BBC017500F33AF5 /* ResultCell.xib */ = {isa = PBXFileReference; fileEncoding = 4; lastKnownFileType = file.xib; path = ResultCell.xib; sourceTree = "<group>"; };
		97A18E131BBC017C00F33AF5 /* DiscoverClientsVC.xib */ = {isa = PBXFileReference; fileEncoding = 4; lastKnownFileType = file.xib; path = DiscoverClientsVC.xib; sourceTree = "<group>"; };
		97C0D28524C71CBA00AFB781 /* SuggestionsVC.swift */ = {isa = PBXFileReference; lastKnownFileType = sourcecode.swift; path = SuggestionsVC.swift; sourceTree = "<group>"; };
		97C0D28624C71CBA00AFB781 /* SuggestionsVC.xib */ = {isa = PBXFileReference; lastKnownFileType = file.xib; path = SuggestionsVC.xib; sourceTree = "<group>"; };
		97C1E4F22A164203003F432E /* UIBarButtonItem+SY.swift */ = {isa = PBXFileReference; lastKnownFileType = sourcecode.swift; path = "UIBarButtonItem+SY.swift"; sourceTree = "<group>"; };
		97C1E4F42A16441F003F432E /* UITableViewCell+SY.swift */ = {isa = PBXFileReference; lastKnownFileType = sourcecode.swift; path = "UITableViewCell+SY.swift"; sourceTree = "<group>"; };
		97C1E4FC2A16AC3B003F432E /* ResultsVC.swift */ = {isa = PBXFileReference; lastKnownFileType = sourcecode.swift; path = ResultsVC.swift; sourceTree = "<group>"; };
		97C1E4FD2A16AC3B003F432E /* ResultsVC.xib */ = {isa = PBXFileReference; lastKnownFileType = file.xib; path = ResultsVC.xib; sourceTree = "<group>"; };
		97C1E5002A16B016003F432E /* UIViewController+SY.swift */ = {isa = PBXFileReference; lastKnownFileType = sourcecode.swift; path = "UIViewController+SY.swift"; sourceTree = "<group>"; };
		97C1E5022A16B0AF003F432E /* Action.swift */ = {isa = PBXFileReference; lastKnownFileType = sourcecode.swift; path = Action.swift; sourceTree = "<group>"; };
		97CEA93F2A16CC0C00212F49 /* ClientsDataSource.swift */ = {isa = PBXFileReference; lastKnownFileType = sourcecode.swift; path = ClientsDataSource.swift; sourceTree = "<group>"; };
		97CEA9422A16CE9100212F49 /* NavigationBar.swift */ = {isa = PBXFileReference; lastKnownFileType = sourcecode.swift; path = NavigationBar.swift; sourceTree = "<group>"; };
		97DA4D832A43C22700E4F04D /* SearchAPILeetx.swift */ = {isa = PBXFileReference; lastKnownFileType = sourcecode.swift; path = SearchAPILeetx.swift; sourceTree = "<group>"; };
		97DA4D852A43C23C00E4F04D /* SearchAPIKind.swift */ = {isa = PBXFileReference; lastKnownFileType = sourcecode.swift; path = SearchAPIKind.swift; sourceTree = "<group>"; };
		97DA4D872A43C29F00E4F04D /* AppAPI.swift */ = {isa = PBXFileReference; lastKnownFileType = sourcecode.swift; path = AppAPI.swift; sourceTree = "<group>"; };
		97DA4D892A43C3EB00E4F04D /* SearchResultTpb.swift */ = {isa = PBXFileReference; lastKnownFileType = sourcecode.swift; path = SearchResultTpb.swift; sourceTree = "<group>"; };
		97DA4D8B2A43C5B400E4F04D /* SearchResultLeetx.swift */ = {isa = PBXFileReference; lastKnownFileType = sourcecode.swift; path = SearchResultLeetx.swift; sourceTree = "<group>"; };
		97DB10F42B60A6B600FBC685 /* SearchResultT9.swift */ = {isa = PBXFileReference; lastKnownFileType = sourcecode.swift; path = SearchResultT9.swift; sourceTree = "<group>"; };
		97DB10F62B60A72400FBC685 /* SearchAPIT9.swift */ = {isa = PBXFileReference; lastKnownFileType = sourcecode.swift; path = SearchAPIT9.swift; sourceTree = "<group>"; };
		97EF48DF2BB847B9004A2EC7 /* TagView.swift */ = {isa = PBXFileReference; lastKnownFileType = sourcecode.swift; path = TagView.swift; sourceTree = "<group>"; };
		97F911461BC2C45C00BF1848 /* EditClientVC.xib */ = {isa = PBXFileReference; fileEncoding = 4; lastKnownFileType = file.xib; path = EditClientVC.xib; sourceTree = "<group>"; };
		97F9114B1BC2C73D00BF1848 /* ClientFormCell.xib */ = {isa = PBXFileReference; fileEncoding = 4; lastKnownFileType = file.xib; path = ClientFormCell.xib; sourceTree = "<group>"; };
		F8986757192A317C00735175 /* Magneto.app */ = {isa = PBXFileReference; explicitFileType = wrapper.application; includeInIndex = 0; path = Magneto.app; sourceTree = BUILT_PRODUCTS_DIR; };
		F898675A192A317C00735175 /* Foundation.framework */ = {isa = PBXFileReference; lastKnownFileType = wrapper.framework; name = Foundation.framework; path = System/Library/Frameworks/Foundation.framework; sourceTree = SDKROOT; };
		F898675C192A317C00735175 /* CoreGraphics.framework */ = {isa = PBXFileReference; lastKnownFileType = wrapper.framework; name = CoreGraphics.framework; path = System/Library/Frameworks/CoreGraphics.framework; sourceTree = SDKROOT; };
		F898675E192A317C00735175 /* UIKit.framework */ = {isa = PBXFileReference; lastKnownFileType = wrapper.framework; name = UIKit.framework; path = System/Library/Frameworks/UIKit.framework; sourceTree = SDKROOT; };
		F8986762192A317C00735175 /* Info.plist */ = {isa = PBXFileReference; lastKnownFileType = text.plist.xml; path = Info.plist; sourceTree = "<group>"; };
		F8986775192A317C00735175 /* Assets.xcassets */ = {isa = PBXFileReference; lastKnownFileType = folder.assetcatalog; path = Assets.xcassets; sourceTree = "<group>"; };
		F898677C192A317D00735175 /* XCTest.framework */ = {isa = PBXFileReference; lastKnownFileType = wrapper.framework; name = XCTest.framework; path = Library/Frameworks/XCTest.framework; sourceTree = DEVELOPER_DIR; };
/* End PBXFileReference section */

/* Begin PBXFrameworksBuildPhase section */
		F8986754192A317C00735175 /* Frameworks */ = {
			isa = PBXFrameworksBuildPhase;
			buildActionMask = 2147483647;
			files = (
				F898675D192A317C00735175 /* CoreGraphics.framework in Frameworks */,
				972143DC2BAA2790003424F4 /* Alamofire in Frameworks */,
				972143E22BAA27A8003424F4 /* TPKeyboardAvoiding in Frameworks */,
				972143E52BAA27B5003424F4 /* SYKit in Frameworks */,
				972143DF2BAA279A003424F4 /* BrightFutures in Frameworks */,
				F898675F192A317C00735175 /* UIKit.framework in Frameworks */,
				9748F2772BF190BD00A2B768 /* Shush in Frameworks */,
				9748F27D2BF193F200A2B768 /* Bencode in Frameworks */,
				F898675B192A317C00735175 /* Foundation.framework in Frameworks */,
				972143EB2BAA2A11003424F4 /* Disco in Frameworks */,
			);
			runOnlyForDeploymentPostprocessing = 0;
		};
/* End PBXFrameworksBuildPhase section */

/* Begin PBXGroup section */
		97C1E4E92A15A86E003F432E /* Extensions */ = {
			isa = PBXGroup;
			children = (
				970130E121B084E500E7CFEC /* Alamofire+SY.swift */,
				97888C9E21B5A745004EB144 /* Codable+SY.swift */,
				976BA0142B5F437A0065542F /* DateFormatter+SY.swift */,
				972B4FBB24BBCF270026BFE4 /* String+SY.swift */,
				97C1E4F22A164203003F432E /* UIBarButtonItem+SY.swift */,
				9768CA6221B55838000AA7C2 /* UIColor+SY.swift */,
				9792F0D62A14EEB9001F2EE1 /* UIImage+SY.swift */,
				97C1E4F42A16441F003F432E /* UITableViewCell+SY.swift */,
				97C1E5002A16B016003F432E /* UIViewController+SY.swift */,
				9771AB2221AEF1A5005DE97D /* URL+SY.swift */,
			);
			path = Extensions;
			sourceTree = "<group>";
		};
		97C1E4EA2A15A885003F432E /* Controllers */ = {
			isa = PBXGroup;
			children = (
				97DA4D872A43C29F00E4F04D /* AppAPI.swift */,
				9771AB3621AF2BA4005DE97D /* Preferences.swift */,
				9767C2302B7E7743004EE4FE /* SearchAPI.swift */,
				97DA4D852A43C23C00E4F04D /* SearchAPIKind.swift */,
				97DA4D832A43C22700E4F04D /* SearchAPILeetx.swift */,
				97DB10F62B60A72400FBC685 /* SearchAPIT9.swift */,
				970130DF21B07EC000E7CFEC /* SearchAPITpb.swift */,
				9739EFB82B7BB2E600299924 /* SearchAPIYts.swift */,
				974D373A21B49D4800C0FDDE /* TransmissionAPI.swift */,
				9715A507251BA32B00C2C52F /* ViewRouter.swift */,
				9703046C2B9876A500F48AEE /* Log.swift */,
			);
			path = Controllers;
			sourceTree = "<group>";
		};
		97C1E4ED2A15A8C0003F432E /* Models */ = {
			isa = PBXGroup;
			children = (
				97C1E5022A16B0AF003F432E /* Action.swift */,
				9767C2362B7E9144004EE4FE /* ApiError.swift */,
				972589AC21B0AD6D00FCE9D5 /* AppError.swift */,
				9768CA6421B5770B000AA7C2 /* Client.swift */,
				9768CA6621B57B33000AA7C2 /* Client+UI.swift */,
				9770C6F62B8AA3C800707BCD /* HistoryItem.swift */,
				9770C6FA2B8AAB4F00707BCD /* IdentifiableResult.swift */,
				974D372921B150FC00C0FDDE /* SearchResult.swift */,
				97DA4D8B2A43C5B400E4F04D /* SearchResultLeetx.swift */,
				97DB10F42B60A6B600FBC685 /* SearchResultT9.swift */,
				97DA4D892A43C3EB00E4F04D /* SearchResultTpb.swift */,
				9739EFBA2B7BB35000299924 /* SearchResultYts.swift */,
				9748F2782BF1917C00A2B768 /* Torrent.swift */,
			);
			path = Models;
			sourceTree = "<group>";
		};
		97C1E4EE2A15A8D3003F432E /* Cells */ = {
			isa = PBXGroup;
			children = (
				9771AB3021AF0534005DE97D /* ClientCell.swift */,
				97A18E0D1BBC016B00F33AF5 /* ClientCell.xib */,
				9771AB3421AF0C59005DE97D /* ClientFormCell.swift */,
				97F9114B1BC2C73D00BF1848 /* ClientFormCell.xib */,
				9771AB3221AF08E4005DE97D /* ResultCell.swift */,
				97A18E111BBC017500F33AF5 /* ResultCell.xib */,
				974D3A1224BB327900953757 /* SuggestionCell.swift */,
				974D3A1324BB327900953757 /* SuggestionCell.xib */,
			);
			path = Cells;
			sourceTree = "<group>";
		};
		97C1E4EF2A15A8DF003F432E /* Views */ = {
			isa = PBXGroup;
			children = (
				97CEA9422A16CE9100212F49 /* NavigationBar.swift */,
				97EF48DF2BB847B9004A2EC7 /* TagView.swift */,
			);
			path = Views;
			sourceTree = "<group>";
		};
		97C1E4F02A15A8EF003F432E /* VCs */ = {
			isa = PBXGroup;
			children = (
				97475609232AB4DA0038698E /* ViewController.swift */,
				9771AB2821AEF898005DE97D /* NavigationController.swift */,
				9771AB1221AEC919005DE97D /* MainVC.swift */,
				97A18E0B1BBC011900F33AF5 /* MainVC.xib */,
				9771AB2A21AEF901005DE97D /* DiscoverClientsVC.swift */,
				97A18E131BBC017C00F33AF5 /* DiscoverClientsVC.xib */,
				9771AB2C21AEFF09005DE97D /* EditClientVC.swift */,
				97F911461BC2C45C00BF1848 /* EditClientVC.xib */,
				9771AB1E21AEE457005DE97D /* MagnetPopupVC.swift */,
				9771AB2021AEE679005DE97D /* MagnetPopupVC.xib */,
				97C0D28524C71CBA00AFB781 /* SuggestionsVC.swift */,
				97C0D28624C71CBA00AFB781 /* SuggestionsVC.xib */,
				97C1E4FC2A16AC3B003F432E /* ResultsVC.swift */,
				97C1E4FD2A16AC3B003F432E /* ResultsVC.xib */,
			);
			path = VCs;
			sourceTree = "<group>";
		};
		97C1E4F12A15A96A003F432E /* Resources */ = {
			isa = PBXGroup;
			children = (
				F8986775192A317C00735175 /* Assets.xcassets */,
				973784311BD40649001AD487 /* Launch.storyboard */,
				976D5EFB230E0E3600573E0D /* Localizable.strings */,
			);
			path = Resources;
			sourceTree = "<group>";
		};
		97CEA9412A16CC1000212F49 /* DataSources */ = {
			isa = PBXGroup;
			children = (
				97CEA93F2A16CC0C00212F49 /* ClientsDataSource.swift */,
				9770C6F82B8AAA5200707BCD /* ResultsDataSource.swift */,
			);
			path = DataSources;
			sourceTree = "<group>";
		};
		F898674E192A317C00735175 = {
			isa = PBXGroup;
			children = (
				F8986760192A317C00735175 /* Magneto */,
				F8986759192A317C00735175 /* Frameworks */,
				F8986758192A317C00735175 /* Products */,
			);
			sourceTree = "<group>";
		};
		F8986758192A317C00735175 /* Products */ = {
			isa = PBXGroup;
			children = (
				F8986757192A317C00735175 /* Magneto.app */,
			);
			name = Products;
			sourceTree = "<group>";
		};
		F8986759192A317C00735175 /* Frameworks */ = {
			isa = PBXGroup;
			children = (
				F898675A192A317C00735175 /* Foundation.framework */,
				F898675C192A317C00735175 /* CoreGraphics.framework */,
				F898675E192A317C00735175 /* UIKit.framework */,
				F898677C192A317D00735175 /* XCTest.framework */,
			);
			name = Frameworks;
			sourceTree = "<group>";
		};
		F8986760192A317C00735175 /* Magneto */ = {
			isa = PBXGroup;
			children = (
				97C1E4F12A15A96A003F432E /* Resources */,
				9771AB3821AF2D7C005DE97D /* Magneto.entitlements */,
				97C1E4E92A15A86E003F432E /* Extensions */,
				97C1E4EA2A15A885003F432E /* Controllers */,
				97C1E4ED2A15A8C0003F432E /* Models */,
				97CEA9412A16CC1000212F49 /* DataSources */,
				97C1E4EE2A15A8D3003F432E /* Cells */,
				97C1E4EF2A15A8DF003F432E /* Views */,
				97C1E4F02A15A8EF003F432E /* VCs */,
				9771AB1A21AEDC92005DE97D /* AppDelegate.swift */,
				9715A478251B9CD200C2C52F /* SceneDelegate.swift */,
				F8986762192A317C00735175 /* Info.plist */,
			);
			path = Magneto;
			sourceTree = "<group>";
		};
/* End PBXGroup section */

/* Begin PBXNativeTarget section */
		F8986756192A317C00735175 /* Magneto */ = {
			isa = PBXNativeTarget;
			buildConfigurationList = F898678C192A317D00735175 /* Build configuration list for PBXNativeTarget "Magneto" */;
			buildPhases = (
				9771AB1921AED473005DE97D /* TODOs */,
				F8986753192A317C00735175 /* Sources */,
				F8986754192A317C00735175 /* Frameworks */,
				F8986755192A317C00735175 /* Resources */,
				F88A0B311A80F7220089DE9A /* Embed Foundation Extensions */,
			);
			buildRules = (
			);
			dependencies = (
			);
			name = Magneto;
			packageProductDependencies = (
				972143DB2BAA2790003424F4 /* Alamofire */,
				972143DE2BAA279A003424F4 /* BrightFutures */,
				972143E12BAA27A8003424F4 /* TPKeyboardAvoiding */,
				972143E42BAA27B5003424F4 /* SYKit */,
				972143EA2BAA2A11003424F4 /* Disco */,
				9748F2762BF190BD00A2B768 /* Shush */,
				9748F27C2BF193F200A2B768 /* Bencode */,
			);
			productName = Magneto;
			productReference = F8986757192A317C00735175 /* Magneto.app */;
			productType = "com.apple.product-type.application";
		};
/* End PBXNativeTarget section */

/* Begin PBXProject section */
		F898674F192A317C00735175 /* Project object */ = {
			isa = PBXProject;
			attributes = {
				BuildIndependentTargetsInParallel = YES;
				CLASSPREFIX = SY;
				LastUpgradeCheck = 1530;
				ORGANIZATIONNAME = Syan;
				TargetAttributes = {
					F8986756192A317C00735175 = {
						DevelopmentTeam = 79RY8264V4;
						LastSwiftMigration = 1010;
						ProvisioningStyle = Manual;
						SystemCapabilities = {
							com.apple.DataProtection = {
								enabled = 0;
							};
							com.apple.Keychain = {
								enabled = 0;
							};
							com.apple.iCloud = {
								enabled = 1;
							};
						};
					};
				};
			};
			buildConfigurationList = F8986752192A317C00735175 /* Build configuration list for PBXProject "Magneto" */;
			compatibilityVersion = "Xcode 3.2";
			developmentRegion = en;
			hasScannedForEncodings = 0;
			knownRegions = (
				en,
				Base,
				fr,
			);
			mainGroup = F898674E192A317C00735175;
			packageReferences = (
				972143DA2BAA2790003424F4 /* XCRemoteSwiftPackageReference "Alamofire" */,
				972143DD2BAA279A003424F4 /* XCRemoteSwiftPackageReference "BrightFutures" */,
				972143E02BAA27A8003424F4 /* XCRemoteSwiftPackageReference "TPKeyboardAvoiding" */,
				972143E32BAA27B5003424F4 /* XCRemoteSwiftPackageReference "SYKit" */,
				972143E92BAA2A11003424F4 /* XCRemoteSwiftPackageReference "Disco" */,
				9748F2752BF190BD00A2B768 /* XCRemoteSwiftPackageReference "Shush" */,
				9748F27B2BF193F200A2B768 /* XCRemoteSwiftPackageReference "Bencode" */,
			);
			productRefGroup = F8986758192A317C00735175 /* Products */;
			projectDirPath = "";
			projectRoot = "";
			targets = (
				F8986756192A317C00735175 /* Magneto */,
			);
		};
/* End PBXProject section */

/* Begin PBXResourcesBuildPhase section */
		F8986755192A317C00735175 /* Resources */ = {
			isa = PBXResourcesBuildPhase;
			buildActionMask = 2147483647;
			files = (
				F8986776192A317C00735175 /* Assets.xcassets in Resources */,
				97A18E121BBC017500F33AF5 /* ResultCell.xib in Resources */,
				976D5EF9230E0E3600573E0D /* Localizable.strings in Resources */,
				97A18E141BBC017C00F33AF5 /* DiscoverClientsVC.xib in Resources */,
				974D3A1524BB327900953757 /* SuggestionCell.xib in Resources */,
				97C1E4FF2A16AC3B003F432E /* ResultsVC.xib in Resources */,
				97F911481BC2C45C00BF1848 /* EditClientVC.xib in Resources */,
				9771AB2121AEE679005DE97D /* MagnetPopupVC.xib in Resources */,
				97C0D28824C71CBA00AFB781 /* SuggestionsVC.xib in Resources */,
				97A18E0E1BBC016B00F33AF5 /* ClientCell.xib in Resources */,
				97F9114D1BC2C73D00BF1848 /* ClientFormCell.xib in Resources */,
				97A18E0C1BBC011900F33AF5 /* MainVC.xib in Resources */,
				973784321BD40649001AD487 /* Launch.storyboard in Resources */,
			);
			runOnlyForDeploymentPostprocessing = 0;
		};
/* End PBXResourcesBuildPhase section */

/* Begin PBXShellScriptBuildPhase section */
		9771AB1921AED473005DE97D /* TODOs */ = {
			isa = PBXShellScriptBuildPhase;
			alwaysOutOfDate = 1;
			buildActionMask = 2147483647;
			files = (
			);
			inputFileListPaths = (
			);
			inputPaths = (
			);
			name = TODOs;
			outputFileListPaths = (
			);
			outputPaths = (
			);
			runOnlyForDeploymentPostprocessing = 0;
			shellPath = /bin/sh;
			shellScript = "declare -a TAGS=(\"TODO:\" \"FIXME:\" \"ASK:\" \"WAITING:\")\necho \"searching ${SRCROOT} for ${TAGS}\"\n\nfor TAG in ${TAGS[@]}; do\nfind \"${SRCROOT}/Magneto\" \\( -name \"*.swift\" -or -name \"*.m\" -or -name \"*.h\" \\) -print0 | xargs -0 egrep --with-filename --line-number --only-matching \"($TAG).*\\$\" | perl -p -e \"s/($TAG)/ warning: \\$1/\"\ndone\n";
		};
/* End PBXShellScriptBuildPhase section */

/* Begin PBXSourcesBuildPhase section */
		F8986753192A317C00735175 /* Sources */ = {
			isa = PBXSourcesBuildPhase;
			buildActionMask = 2147483647;
			files = (
				97C1E5012A16B016003F432E /* UIViewController+SY.swift in Sources */,
				97C1E5032A16B0AF003F432E /* Action.swift in Sources */,
				9703046D2B9876A500F48AEE /* Log.swift in Sources */,
				9739EFB92B7BB2E600299924 /* SearchAPIYts.swift in Sources */,
				974D373B21B49D4800C0FDDE /* TransmissionAPI.swift in Sources */,
				9770C6F92B8AAA5200707BCD /* ResultsDataSource.swift in Sources */,
				9771AB1B21AEDC92005DE97D /* AppDelegate.swift in Sources */,
				974D3A1424BB327900953757 /* SuggestionCell.swift in Sources */,
				97CEA9432A16CE9100212F49 /* NavigationBar.swift in Sources */,
				9792F0D72A14EEB9001F2EE1 /* UIImage+SY.swift in Sources */,
				97C1E4FE2A16AC3B003F432E /* ResultsVC.swift in Sources */,
				97DB10F72B60A72400FBC685 /* SearchAPIT9.swift in Sources */,
				9715A479251B9CD200C2C52F /* SceneDelegate.swift in Sources */,
				97DB10F52B60A6B600FBC685 /* SearchResultT9.swift in Sources */,
				9768CA6721B57B33000AA7C2 /* Client+UI.swift in Sources */,
				970130E021B07EC000E7CFEC /* SearchAPITpb.swift in Sources */,
				9768CA6321B55838000AA7C2 /* UIColor+SY.swift in Sources */,
				97EF48E02BB847B9004A2EC7 /* TagView.swift in Sources */,
				9768CA6521B5770B000AA7C2 /* Client.swift in Sources */,
				9771AB1F21AEE457005DE97D /* MagnetPopupVC.swift in Sources */,
				9715A508251BA32B00C2C52F /* ViewRouter.swift in Sources */,
				9771AB1321AEC919005DE97D /* MainVC.swift in Sources */,
				9748F2792BF1917C00A2B768 /* Torrent.swift in Sources */,
				9771AB2321AEF1A5005DE97D /* URL+SY.swift in Sources */,
				97DA4D8A2A43C3EB00E4F04D /* SearchResultTpb.swift in Sources */,
				9771AB3521AF0C59005DE97D /* ClientFormCell.swift in Sources */,
				9771AB2D21AEFF09005DE97D /* EditClientVC.swift in Sources */,
				97C1E4F32A164203003F432E /* UIBarButtonItem+SY.swift in Sources */,
				9767C2312B7E7743004EE4FE /* SearchAPI.swift in Sources */,
				9771AB2921AEF898005DE97D /* NavigationController.swift in Sources */,
				9767C2372B7E9144004EE4FE /* ApiError.swift in Sources */,
				976BA0152B5F437A0065542F /* DateFormatter+SY.swift in Sources */,
				974D372A21B150FC00C0FDDE /* SearchResult.swift in Sources */,
				9739EFBB2B7BB35000299924 /* SearchResultYts.swift in Sources */,
				97DA4D8C2A43C5B400E4F04D /* SearchResultLeetx.swift in Sources */,
				97DA4D862A43C23C00E4F04D /* SearchAPIKind.swift in Sources */,
				9771AB3321AF08E4005DE97D /* ResultCell.swift in Sources */,
				97CEA9402A16CC0C00212F49 /* ClientsDataSource.swift in Sources */,
				972B4FBC24BBCF270026BFE4 /* String+SY.swift in Sources */,
				9747560A232AB4DA0038698E /* ViewController.swift in Sources */,
				97DA4D882A43C29F00E4F04D /* AppAPI.swift in Sources */,
				9771AB3121AF0534005DE97D /* ClientCell.swift in Sources */,
				97DA4D842A43C22700E4F04D /* SearchAPILeetx.swift in Sources */,
				972589AD21B0AD6D00FCE9D5 /* AppError.swift in Sources */,
				9770C6F72B8AA3C800707BCD /* HistoryItem.swift in Sources */,
				97C0D28724C71CBA00AFB781 /* SuggestionsVC.swift in Sources */,
				97888C9F21B5A745004EB144 /* Codable+SY.swift in Sources */,
				97C1E4F52A16441F003F432E /* UITableViewCell+SY.swift in Sources */,
				970130E221B084E500E7CFEC /* Alamofire+SY.swift in Sources */,
				9771AB3721AF2BA4005DE97D /* Preferences.swift in Sources */,
				9770C6FB2B8AAB4F00707BCD /* IdentifiableResult.swift in Sources */,
				9771AB2B21AEF901005DE97D /* DiscoverClientsVC.swift in Sources */,
			);
			runOnlyForDeploymentPostprocessing = 0;
		};
/* End PBXSourcesBuildPhase section */

/* Begin PBXVariantGroup section */
		976D5EFB230E0E3600573E0D /* Localizable.strings */ = {
			isa = PBXVariantGroup;
			children = (
				976D5EFA230E0E3600573E0D /* en */,
				976D5EFD230E0E4400573E0D /* fr */,
			);
			name = Localizable.strings;
			sourceTree = "<group>";
		};
/* End PBXVariantGroup section */

/* Begin XCBuildConfiguration section */
		F898678A192A317D00735175 /* Debug */ = {
			isa = XCBuildConfiguration;
			buildSettings = {
				ALWAYS_SEARCH_USER_PATHS = NO;
				CLANG_ANALYZER_LOCALIZABILITY_NONLOCALIZED = YES;
				CLANG_CXX_LANGUAGE_STANDARD = "gnu++0x";
				CLANG_CXX_LIBRARY = "libc++";
				CLANG_ENABLE_MODULES = YES;
				CLANG_ENABLE_OBJC_ARC = YES;
				CLANG_WARN_BLOCK_CAPTURE_AUTORELEASING = YES;
				CLANG_WARN_BOOL_CONVERSION = YES;
				CLANG_WARN_COMMA = YES;
				CLANG_WARN_CONSTANT_CONVERSION = YES;
				CLANG_WARN_DEPRECATED_OBJC_IMPLEMENTATIONS = YES;
				CLANG_WARN_DIRECT_OBJC_ISA_USAGE = YES_ERROR;
				CLANG_WARN_EMPTY_BODY = YES;
				CLANG_WARN_ENUM_CONVERSION = YES;
				CLANG_WARN_INFINITE_RECURSION = YES;
				CLANG_WARN_INT_CONVERSION = YES;
				CLANG_WARN_NON_LITERAL_NULL_CONVERSION = YES;
				CLANG_WARN_OBJC_IMPLICIT_RETAIN_SELF = YES;
				CLANG_WARN_OBJC_LITERAL_CONVERSION = YES;
				CLANG_WARN_OBJC_ROOT_CLASS = YES_ERROR;
				CLANG_WARN_QUOTED_INCLUDE_IN_FRAMEWORK_HEADER = YES;
				CLANG_WARN_RANGE_LOOP_ANALYSIS = YES;
				CLANG_WARN_STRICT_PROTOTYPES = YES;
				CLANG_WARN_SUSPICIOUS_MOVE = YES;
				CLANG_WARN_UNGUARDED_AVAILABILITY = YES_AGGRESSIVE;
				CLANG_WARN_UNREACHABLE_CODE = YES;
				CLANG_WARN__DUPLICATE_METHOD_MATCH = YES;
				CODE_SIGN_IDENTITY = "iPhone Developer";
				COPY_PHASE_STRIP = NO;
				ENABLE_BITCODE = NO;
				ENABLE_STRICT_OBJC_MSGSEND = YES;
				ENABLE_TESTABILITY = YES;
				GCC_C_LANGUAGE_STANDARD = gnu99;
				GCC_DYNAMIC_NO_PIC = NO;
				GCC_NO_COMMON_BLOCKS = YES;
				GCC_OPTIMIZATION_LEVEL = 0;
				GCC_PREPROCESSOR_DEFINITIONS = (
					"DEBUG=1",
					"$(inherited)",
				);
				GCC_SYMBOLS_PRIVATE_EXTERN = NO;
				GCC_WARN_64_TO_32_BIT_CONVERSION = YES;
				GCC_WARN_ABOUT_RETURN_TYPE = YES_ERROR;
				GCC_WARN_UNDECLARED_SELECTOR = YES;
				GCC_WARN_UNINITIALIZED_AUTOS = YES_AGGRESSIVE;
				GCC_WARN_UNUSED_FUNCTION = YES;
				GCC_WARN_UNUSED_VARIABLE = YES;
				IPHONEOS_DEPLOYMENT_TARGET = 14.0;
				ONLY_ACTIVE_ARCH = YES;
				SDKROOT = iphoneos;
				"SWIFT_ACTIVE_COMPILATION_CONDITIONS[arch=*]" = DEBUG;
				SWIFT_VERSION = 5.0;
				TARGETED_DEVICE_FAMILY = "1,2";
				VERSIONING_SYSTEM = "apple-generic";
			};
			name = Debug;
		};
		F898678B192A317D00735175 /* Release */ = {
			isa = XCBuildConfiguration;
			buildSettings = {
				ALWAYS_SEARCH_USER_PATHS = NO;
				CLANG_ANALYZER_LOCALIZABILITY_NONLOCALIZED = YES;
				CLANG_CXX_LANGUAGE_STANDARD = "gnu++0x";
				CLANG_CXX_LIBRARY = "libc++";
				CLANG_ENABLE_MODULES = YES;
				CLANG_ENABLE_OBJC_ARC = YES;
				CLANG_WARN_BLOCK_CAPTURE_AUTORELEASING = YES;
				CLANG_WARN_BOOL_CONVERSION = YES;
				CLANG_WARN_COMMA = YES;
				CLANG_WARN_CONSTANT_CONVERSION = YES;
				CLANG_WARN_DEPRECATED_OBJC_IMPLEMENTATIONS = YES;
				CLANG_WARN_DIRECT_OBJC_ISA_USAGE = YES_ERROR;
				CLANG_WARN_EMPTY_BODY = YES;
				CLANG_WARN_ENUM_CONVERSION = YES;
				CLANG_WARN_INFINITE_RECURSION = YES;
				CLANG_WARN_INT_CONVERSION = YES;
				CLANG_WARN_NON_LITERAL_NULL_CONVERSION = YES;
				CLANG_WARN_OBJC_IMPLICIT_RETAIN_SELF = YES;
				CLANG_WARN_OBJC_LITERAL_CONVERSION = YES;
				CLANG_WARN_OBJC_ROOT_CLASS = YES_ERROR;
				CLANG_WARN_QUOTED_INCLUDE_IN_FRAMEWORK_HEADER = YES;
				CLANG_WARN_RANGE_LOOP_ANALYSIS = YES;
				CLANG_WARN_STRICT_PROTOTYPES = YES;
				CLANG_WARN_SUSPICIOUS_MOVE = YES;
				CLANG_WARN_UNGUARDED_AVAILABILITY = YES_AGGRESSIVE;
				CLANG_WARN_UNREACHABLE_CODE = YES;
				CLANG_WARN__DUPLICATE_METHOD_MATCH = YES;
				CODE_SIGN_IDENTITY = "iPhone Distribution";
				COPY_PHASE_STRIP = YES;
				ENABLE_BITCODE = NO;
				ENABLE_NS_ASSERTIONS = NO;
				ENABLE_STRICT_OBJC_MSGSEND = YES;
				GCC_C_LANGUAGE_STANDARD = gnu99;
				GCC_NO_COMMON_BLOCKS = YES;
				GCC_WARN_64_TO_32_BIT_CONVERSION = YES;
				GCC_WARN_ABOUT_RETURN_TYPE = YES_ERROR;
				GCC_WARN_UNDECLARED_SELECTOR = YES;
				GCC_WARN_UNINITIALIZED_AUTOS = YES_AGGRESSIVE;
				GCC_WARN_UNUSED_FUNCTION = YES;
				GCC_WARN_UNUSED_VARIABLE = YES;
				IPHONEOS_DEPLOYMENT_TARGET = 14.0;
				SDKROOT = iphoneos;
				"SWIFT_ACTIVE_COMPILATION_CONDITIONS[arch=*]" = RELEASE;
				SWIFT_COMPILATION_MODE = wholemodule;
				SWIFT_VERSION = 5.0;
				TARGETED_DEVICE_FAMILY = "1,2";
				VALIDATE_PRODUCT = YES;
				VERSIONING_SYSTEM = "apple-generic";
			};
			name = Release;
		};
		F898678D192A317D00735175 /* Debug */ = {
			isa = XCBuildConfiguration;
			buildSettings = {
				ASSETCATALOG_COMPILER_APPICON_NAME = AppIcon;
				ASSETCATALOG_COMPILER_INCLUDE_ALL_APPICON_ASSETS = NO;
				CLANG_ENABLE_MODULES = YES;
				CODE_SIGN_ENTITLEMENTS = Magneto/Magneto.entitlements;
				CODE_SIGN_IDENTITY = "iPhone Developer";
				"CODE_SIGN_IDENTITY[sdk=macosx*]" = "Apple Development";
				CODE_SIGN_STYLE = Manual;
				CURRENT_PROJECT_VERSION = 64;
				DEVELOPMENT_TEAM = 79RY8264V4;
				"DEVELOPMENT_TEAM[sdk=macosx*]" = 79RY8264V4;
				GCC_PRECOMPILE_PREFIX_HEADER = YES;
				INFOPLIST_FILE = Magneto/Info.plist;
				LD_RUNPATH_SEARCH_PATHS = (
					"$(inherited)",
					"@executable_path/Frameworks",
				);
				MARKETING_VERSION = 2.3;
				PRODUCT_BUNDLE_IDENTIFIER = me.syan.TorrentAdder;
				PRODUCT_NAME = "$(TARGET_NAME)";
				PROVISIONING_PROFILE = "";
				PROVISIONING_PROFILE_SPECIFIER = "me.syan.TorrentAdder Development";
				"PROVISIONING_PROFILE_SPECIFIER[sdk=macosx*]" = "me.syan.TorrentAdder Development macOS";
				SUPPORTED_PLATFORMS = "iphoneos iphonesimulator";
				SUPPORTS_MACCATALYST = YES;
				SUPPORTS_MAC_DESIGNED_FOR_IPHONE_IPAD = NO;
				SWIFT_OPTIMIZATION_LEVEL = "-Onone";
				TARGETED_DEVICE_FAMILY = "1,2,6";
				WRAPPER_EXTENSION = app;
			};
			name = Debug;
		};
		F898678E192A317D00735175 /* Release */ = {
			isa = XCBuildConfiguration;
			buildSettings = {
				ASSETCATALOG_COMPILER_APPICON_NAME = AppIcon;
				ASSETCATALOG_COMPILER_INCLUDE_ALL_APPICON_ASSETS = NO;
				CLANG_ENABLE_MODULES = YES;
				CODE_SIGN_ENTITLEMENTS = Magneto/Magneto.entitlements;
				"CODE_SIGN_IDENTITY[sdk=macosx*]" = "Apple Distribution";
				CODE_SIGN_STYLE = Manual;
				CURRENT_PROJECT_VERSION = 64;
				DEVELOPMENT_TEAM = 79RY8264V4;
				"DEVELOPMENT_TEAM[sdk=macosx*]" = 79RY8264V4;
				GCC_PRECOMPILE_PREFIX_HEADER = YES;
				INFOPLIST_FILE = Magneto/Info.plist;
				LD_RUNPATH_SEARCH_PATHS = (
					"$(inherited)",
					"@executable_path/Frameworks",
				);
				MARKETING_VERSION = 2.3;
				PRODUCT_BUNDLE_IDENTIFIER = me.syan.TorrentAdder;
				PRODUCT_NAME = "$(TARGET_NAME)";
				PROVISIONING_PROFILE = "";
				PROVISIONING_PROFILE_SPECIFIER = "me.syan.TorrentAdder AdHoc";
				"PROVISIONING_PROFILE_SPECIFIER[sdk=macosx*]" = "me.syan.TorrentAdder AppStore macOS";
				SUPPORTED_PLATFORMS = "iphoneos iphonesimulator";
				SUPPORTS_MACCATALYST = YES;
				SUPPORTS_MAC_DESIGNED_FOR_IPHONE_IPAD = NO;
				TARGETED_DEVICE_FAMILY = "1,2,6";
				WRAPPER_EXTENSION = app;
			};
			name = Release;
		};
/* End XCBuildConfiguration section */

/* Begin XCConfigurationList section */
		F8986752192A317C00735175 /* Build configuration list for PBXProject "Magneto" */ = {
			isa = XCConfigurationList;
			buildConfigurations = (
				F898678A192A317D00735175 /* Debug */,
				F898678B192A317D00735175 /* Release */,
			);
			defaultConfigurationIsVisible = 0;
			defaultConfigurationName = Release;
		};
		F898678C192A317D00735175 /* Build configuration list for PBXNativeTarget "Magneto" */ = {
			isa = XCConfigurationList;
			buildConfigurations = (
				F898678D192A317D00735175 /* Debug */,
				F898678E192A317D00735175 /* Release */,
			);
			defaultConfigurationIsVisible = 0;
			defaultConfigurationName = Release;
		};
/* End XCConfigurationList section */

/* Begin XCRemoteSwiftPackageReference section */
		972143DA2BAA2790003424F4 /* XCRemoteSwiftPackageReference "Alamofire" */ = {
			isa = XCRemoteSwiftPackageReference;
			repositoryURL = "https://github.com/Alamofire/Alamofire.git";
			requirement = {
				kind = upToNextMajorVersion;
				minimumVersion = 5.9.0;
			};
		};
		972143DD2BAA279A003424F4 /* XCRemoteSwiftPackageReference "BrightFutures" */ = {
			isa = XCRemoteSwiftPackageReference;
			repositoryURL = "https://github.com/Thomvis/BrightFutures";
			requirement = {
				kind = upToNextMajorVersion;
				minimumVersion = 8.2.0;
			};
		};
		972143E02BAA27A8003424F4 /* XCRemoteSwiftPackageReference "TPKeyboardAvoiding" */ = {
			isa = XCRemoteSwiftPackageReference;
			repositoryURL = "https://github.com/michaeltyson/TPKeyboardAvoiding.git";
			requirement = {
				kind = upToNextMajorVersion;
				minimumVersion = 1.3.5;
			};
		};
		972143E32BAA27B5003424F4 /* XCRemoteSwiftPackageReference "SYKit" */ = {
			isa = XCRemoteSwiftPackageReference;
			repositoryURL = "https://github.com/dvkch/SYKit.git";
			requirement = {
				kind = upToNextMajorVersion;
				minimumVersion = 0.2.20;
			};
		};
		972143E92BAA2A11003424F4 /* XCRemoteSwiftPackageReference "Disco" */ = {
			isa = XCRemoteSwiftPackageReference;
			repositoryURL = "https://github.com/dvkch/Disco.git";
			requirement = {
				kind = upToNextMajorVersion;
				minimumVersion = 1.2.0;
			};
		};
		9748F2752BF190BD00A2B768 /* XCRemoteSwiftPackageReference "Shush" */ = {
			isa = XCRemoteSwiftPackageReference;
			repositoryURL = "https://github.com/dvkch/Shush";
			requirement = {
				kind = upToNextMajorVersion;
				minimumVersion = 1.1.2;
			};
		};
		9748F27B2BF193F200A2B768 /* XCRemoteSwiftPackageReference "Bencode" */ = {
			isa = XCRemoteSwiftPackageReference;
			repositoryURL = "https://github.com/danieltmbr/Bencode.git";
			requirement = {
				branch = master;
				kind = branch;
			};
		};
/* End XCRemoteSwiftPackageReference section */

/* Begin XCSwiftPackageProductDependency section */
		972143DB2BAA2790003424F4 /* Alamofire */ = {
			isa = XCSwiftPackageProductDependency;
			package = 972143DA2BAA2790003424F4 /* XCRemoteSwiftPackageReference "Alamofire" */;
			productName = Alamofire;
		};
		972143DE2BAA279A003424F4 /* BrightFutures */ = {
			isa = XCSwiftPackageProductDependency;
			package = 972143DD2BAA279A003424F4 /* XCRemoteSwiftPackageReference "BrightFutures" */;
			productName = BrightFutures;
		};
		972143E12BAA27A8003424F4 /* TPKeyboardAvoiding */ = {
			isa = XCSwiftPackageProductDependency;
			package = 972143E02BAA27A8003424F4 /* XCRemoteSwiftPackageReference "TPKeyboardAvoiding" */;
			productName = TPKeyboardAvoiding;
		};
		972143E42BAA27B5003424F4 /* SYKit */ = {
			isa = XCSwiftPackageProductDependency;
			package = 972143E32BAA27B5003424F4 /* XCRemoteSwiftPackageReference "SYKit" */;
			productName = SYKit;
		};
		972143EA2BAA2A11003424F4 /* Disco */ = {
			isa = XCSwiftPackageProductDependency;
			package = 972143E92BAA2A11003424F4 /* XCRemoteSwiftPackageReference "Disco" */;
			productName = Disco;
		};
		9748F2762BF190BD00A2B768 /* Shush */ = {
			isa = XCSwiftPackageProductDependency;
			package = 9748F2752BF190BD00A2B768 /* XCRemoteSwiftPackageReference "Shush" */;
			productName = Shush;
		};
		9748F27C2BF193F200A2B768 /* Bencode */ = {
			isa = XCSwiftPackageProductDependency;
			package = 9748F27B2BF193F200A2B768 /* XCRemoteSwiftPackageReference "Bencode" */;
			productName = Bencode;
		};
/* End XCSwiftPackageProductDependency section */
	};
	rootObject = F898674F192A317C00735175 /* Project object */;
}
