PODS:
  - Alamofire (4.8.0)
  - BrightFutures (7.0.0):
    - Result (~> 4.0.0)
  - Fuzi (2.1.0)
  - "NSDate+TimeAgo (1.0.6)"
  - Result (4.0.1)
  - SPLPing (1.1.8)
  - SVProgressHUD (2.2.5)
  - SYKit (0.0.46)
  - SYPopoverController (2.2.6)

DEPENDENCIES:
  - Alamofire
  - BrightFutures
  - Fuzi
  - "NSDate+TimeAgo"
  - SPLPing
  - SVProgressHUD
  - SYKit
  - SYPopoverController

SPEC REPOS:
  https://github.com/cocoapods/specs.git:
    - Alamofire
    - BrightFutures
    - Fuzi
    - "NSDate+TimeAgo"
    - Result
    - SPLPing
    - SVProgressHUD
    - SYKit
    - SYPopoverController

SPEC CHECKSUMS:
  Alamofire: 3ec537f71edc9804815215393ae2b1a8ea33a844
  BrightFutures: 7d7436e937dfc83d814c11920f157fc2a53f5bd5
  Fuzi: 8c57344debff6d3a0c76a9e0f549152defdaaa48
  "NSDate+TimeAgo": 35601c619b2d59290055e4fe76e61d97677a2360
  Result: a6e784bebf48b471d59cddc1adb81f41f678c487
  SPLPing: 420837fae1e19bba0a8360e91e7a384f22509663
  SVProgressHUD: 1428aafac632c1f86f62aa4243ec12008d7a51d6
  SYKit: 4be6d4c5994f79585f699c9b423c7a94275dbbcc
  SYPopoverController: a48f3eac2ff080476798b32e8ad12298c88fd4a1

PODFILE CHECKSUM: 75c6f8d3aa14521c59c8c5b5470eea53d5278b09

COCOAPODS: 1.6.0.beta.2
