// !$*UTF8*$!
{
	archiveVersion = 1;
	classes = {
	};
	objectVersion = 46;
	objects = {

/* Begin PBXBuildFile section */
		6628422579BAE3C1A2B8B69A /* Pods_TorrentAdder.framework in Frameworks */ = {isa = PBXBuildFile; fileRef = 28C49869784A7E738760973F /* Pods_TorrentAdder.framework */; };
		970130E021B07EC000E7CFEC /* WebAPI.swift in Sources */ = {isa = PBXBuildFile; fileRef = 970130DF21B07EC000E7CFEC /* WebAPI.swift */; };
		970130E221B084E500E7CFEC /* Alamofire+SY.swift in Sources */ = {isa = PBXBuildFile; fileRef = 970130E121B084E500E7CFEC /* Alamofire+SY.swift */; };
		970130E421B08E1000E7CFEC /* Error+SY.swift in Sources */ = {isa = PBXBuildFile; fileRef = 970130E321B08E1000E7CFEC /* Error+SY.swift */; };
		972589AD21B0AD6D00FCE9D5 /* AppError.swift in Sources */ = {isa = PBXBuildFile; fileRef = 972589AC21B0AD6D00FCE9D5 /* AppError.swift */; };
		972B4FBC24BBCF270026BFE4 /* String+SY.swift in Sources */ = {isa = PBXBuildFile; fileRef = 972B4FBB24BBCF270026BFE4 /* String+SY.swift */; };
		973784321BD40649001AD487 /* Launch.storyboard in Resources */ = {isa = PBXBuildFile; fileRef = 973784311BD40649001AD487 /* Launch.storyboard */; };
		9747560A232AB4DA0038698E /* ViewController.swift in Sources */ = {isa = PBXBuildFile; fileRef = 97475609232AB4DA0038698E /* ViewController.swift */; };
		974D372A21B150FC00C0FDDE /* SearchResult.swift in Sources */ = {isa = PBXBuildFile; fileRef = 974D372921B150FC00C0FDDE /* SearchResult.swift */; };
		974D372C21B157CE00C0FDDE /* Fuzi+SY.swift in Sources */ = {isa = PBXBuildFile; fileRef = 974D372B21B157CE00C0FDDE /* Fuzi+SY.swift */; };
		974D372E21B1D87300C0FDDE /* Calendar+SY.swift in Sources */ = {isa = PBXBuildFile; fileRef = 974D372D21B1D87300C0FDDE /* Calendar+SY.swift */; };
		974D373021B1DDEE00C0FDDE /* UIViewController+SY.swift in Sources */ = {isa = PBXBuildFile; fileRef = 974D372F21B1DDEE00C0FDDE /* UIViewController+SY.swift */; };
		974D373221B1DF8600C0FDDE /* IPv4Address.swift in Sources */ = {isa = PBXBuildFile; fileRef = 974D373121B1DF8600C0FDDE /* IPv4Address.swift */; };
		974D373421B1E2DA00C0FDDE /* IPv4Interface.swift in Sources */ = {isa = PBXBuildFile; fileRef = 974D373321B1E2DA00C0FDDE /* IPv4Interface.swift */; };
		974D373921B4999E00C0FDDE /* Sockets+SY.m in Sources */ = {isa = PBXBuildFile; fileRef = 974D373821B4999E00C0FDDE /* Sockets+SY.m */; };
		974D373B21B49D4800C0FDDE /* ClientAPI.swift in Sources */ = {isa = PBXBuildFile; fileRef = 974D373A21B49D4800C0FDDE /* ClientAPI.swift */; };
		974D3A1424BB327900953757 /* SuggestionCell.swift in Sources */ = {isa = PBXBuildFile; fileRef = 974D3A1224BB327900953757 /* SuggestionCell.swift */; };
		974D3A1524BB327900953757 /* SuggestionCell.xib in Resources */ = {isa = PBXBuildFile; fileRef = 974D3A1324BB327900953757 /* SuggestionCell.xib */; };
		9768CA6321B55838000AA7C2 /* UIColor+SY.swift in Sources */ = {isa = PBXBuildFile; fileRef = 9768CA6221B55838000AA7C2 /* UIColor+SY.swift */; };
		9768CA6521B5770B000AA7C2 /* Client.swift in Sources */ = {isa = PBXBuildFile; fileRef = 9768CA6421B5770B000AA7C2 /* Client.swift */; };
		9768CA6721B57B33000AA7C2 /* Client+UI.swift in Sources */ = {isa = PBXBuildFile; fileRef = 9768CA6621B57B33000AA7C2 /* Client+UI.swift */; };
		976D5EF9230E0E3600573E0D /* Localizable.strings in Resources */ = {isa = PBXBuildFile; fileRef = 976D5EFB230E0E3600573E0D /* Localizable.strings */; };
		9771AB1321AEC919005DE97D /* MainVC.swift in Sources */ = {isa = PBXBuildFile; fileRef = 9771AB1221AEC919005DE97D /* MainVC.swift */; };
		9771AB1B21AEDC92005DE97D /* AppDelegate.swift in Sources */ = {isa = PBXBuildFile; fileRef = 9771AB1A21AEDC92005DE97D /* AppDelegate.swift */; };
		9771AB1F21AEE457005DE97D /* MagnetPopupVC.swift in Sources */ = {isa = PBXBuildFile; fileRef = 9771AB1E21AEE457005DE97D /* MagnetPopupVC.swift */; };
		9771AB2121AEE679005DE97D /* MagnetPopupVC.xib in Resources */ = {isa = PBXBuildFile; fileRef = 9771AB2021AEE679005DE97D /* MagnetPopupVC.xib */; };
		9771AB2321AEF1A5005DE97D /* URL+SY.swift in Sources */ = {isa = PBXBuildFile; fileRef = 9771AB2221AEF1A5005DE97D /* URL+SY.swift */; };
		9771AB2521AEF3CE005DE97D /* UIView+SY.swift in Sources */ = {isa = PBXBuildFile; fileRef = 9771AB2421AEF3CE005DE97D /* UIView+SY.swift */; };
		9771AB2921AEF898005DE97D /* NavigationController.swift in Sources */ = {isa = PBXBuildFile; fileRef = 9771AB2821AEF898005DE97D /* NavigationController.swift */; };
		9771AB2B21AEF901005DE97D /* DiscoverClientsVC.swift in Sources */ = {isa = PBXBuildFile; fileRef = 9771AB2A21AEF901005DE97D /* DiscoverClientsVC.swift */; };
		9771AB2D21AEFF09005DE97D /* EditClientVC.swift in Sources */ = {isa = PBXBuildFile; fileRef = 9771AB2C21AEFF09005DE97D /* EditClientVC.swift */; };
		9771AB2F21AF0356005DE97D /* AddClientCell.swift in Sources */ = {isa = PBXBuildFile; fileRef = 9771AB2E21AF0356005DE97D /* AddClientCell.swift */; };
		9771AB3121AF0534005DE97D /* ClientCell.swift in Sources */ = {isa = PBXBuildFile; fileRef = 9771AB3021AF0534005DE97D /* ClientCell.swift */; };
		9771AB3321AF08E4005DE97D /* ResultCell.swift in Sources */ = {isa = PBXBuildFile; fileRef = 9771AB3221AF08E4005DE97D /* ResultCell.swift */; };
		9771AB3521AF0C59005DE97D /* ClientFormCell.swift in Sources */ = {isa = PBXBuildFile; fileRef = 9771AB3421AF0C59005DE97D /* ClientFormCell.swift */; };
		9771AB3721AF2BA4005DE97D /* Preferences.swift in Sources */ = {isa = PBXBuildFile; fileRef = 9771AB3621AF2BA4005DE97D /* Preferences.swift */; };
		9771AB3A21AF319E005DE97D /* HostnameResolver.swift in Sources */ = {isa = PBXBuildFile; fileRef = 9771AB3921AF319E005DE97D /* HostnameResolver.swift */; };
		97888C9F21B5A745004EB144 /* Codable+SY.swift in Sources */ = {isa = PBXBuildFile; fileRef = 97888C9E21B5A745004EB144 /* Codable+SY.swift */; };
		979D4A9621AF4335000BFDF0 /* NetService+SY.swift in Sources */ = {isa = PBXBuildFile; fileRef = 979D4A9521AF4335000BFDF0 /* NetService+SY.swift */; };
		979D4A9821AF4614000BFDF0 /* ClientStatusManager.swift in Sources */ = {isa = PBXBuildFile; fileRef = 979D4A9721AF4614000BFDF0 /* ClientStatusManager.swift */; };
		97A0C55D1BC3271300DC4EEC /* blue_background.png in Resources */ = {isa = PBXBuildFile; fileRef = 97A0C5551BC3271300DC4EEC /* blue_background.png */; };
		97A0C55E1BC3271300DC4EEC /* form_bookmark_org.png in Resources */ = {isa = PBXBuildFile; fileRef = 97A0C5561BC3271300DC4EEC /* form_bookmark_org.png */; };
		97A0C55F1BC3271300DC4EEC /* form_cmd_org.png in Resources */ = {isa = PBXBuildFile; fileRef = 97A0C5571BC3271300DC4EEC /* form_cmd_org.png */; };
		97A0C5601BC3271300DC4EEC /* form_host_org.png in Resources */ = {isa = PBXBuildFile; fileRef = 97A0C5581BC3271300DC4EEC /* form_host_org.png */; };
		97A0C5611BC3271300DC4EEC /* form_port_org.png in Resources */ = {isa = PBXBuildFile; fileRef = 97A0C5591BC3271300DC4EEC /* form_port_org.png */; };
		97A0C5621BC3271300DC4EEC /* IconBlue.png in Resources */ = {isa = PBXBuildFile; fileRef = 97A0C55A1BC3271300DC4EEC /* IconBlue.png */; };
		97A0C5631BC3271300DC4EEC /* IconRed.png in Resources */ = {isa = PBXBuildFile; fileRef = 97A0C55B1BC3271300DC4EEC /* IconRed.png */; };
		97A0C5641BC3271300DC4EEC /* IconRed2.png in Resources */ = {isa = PBXBuildFile; fileRef = 97A0C55C1BC3271300DC4EEC /* IconRed2.png */; };
		97A18E0C1BBC011900F33AF5 /* MainVC.xib in Resources */ = {isa = PBXBuildFile; fileRef = 97A18E0B1BBC011900F33AF5 /* MainVC.xib */; };
		97A18E0E1BBC016B00F33AF5 /* ClientCell.xib in Resources */ = {isa = PBXBuildFile; fileRef = 97A18E0D1BBC016B00F33AF5 /* ClientCell.xib */; };
		97A18E101BBC017000F33AF5 /* AddClientCell.xib in Resources */ = {isa = PBXBuildFile; fileRef = 97A18E0F1BBC017000F33AF5 /* AddClientCell.xib */; };
		97A18E121BBC017500F33AF5 /* ResultCell.xib in Resources */ = {isa = PBXBuildFile; fileRef = 97A18E111BBC017500F33AF5 /* ResultCell.xib */; };
		97A18E141BBC017C00F33AF5 /* DiscoverClientsVC.xib in Resources */ = {isa = PBXBuildFile; fileRef = 97A18E131BBC017C00F33AF5 /* DiscoverClientsVC.xib */; };
		97B4041522C5274F00C7A684 /* IconButtons.swift in Sources */ = {isa = PBXBuildFile; fileRef = 97B4041422C5274F00C7A684 /* IconButtons.swift */; };
		97C0D28724C71CBA00AFB781 /* SuggestionsVC.swift in Sources */ = {isa = PBXBuildFile; fileRef = 97C0D28524C71CBA00AFB781 /* SuggestionsVC.swift */; };
		97C0D28824C71CBA00AFB781 /* SuggestionsVC.xib in Resources */ = {isa = PBXBuildFile; fileRef = 97C0D28624C71CBA00AFB781 /* SuggestionsVC.xib */; };
		97EC446321AF37330034C861 /* Pinger.swift in Sources */ = {isa = PBXBuildFile; fileRef = 97EC446221AF37330034C861 /* Pinger.swift */; };
		97F911481BC2C45C00BF1848 /* EditClientVC.xib in Resources */ = {isa = PBXBuildFile; fileRef = 97F911461BC2C45C00BF1848 /* EditClientVC.xib */; };
		97F9114D1BC2C73D00BF1848 /* ClientFormCell.xib in Resources */ = {isa = PBXBuildFile; fileRef = 97F9114B1BC2C73D00BF1848 /* ClientFormCell.xib */; };
		F898675B192A317C00735175 /* Foundation.framework in Frameworks */ = {isa = PBXBuildFile; fileRef = F898675A192A317C00735175 /* Foundation.framework */; };
		F898675D192A317C00735175 /* CoreGraphics.framework in Frameworks */ = {isa = PBXBuildFile; fileRef = F898675C192A317C00735175 /* CoreGraphics.framework */; };
		F898675F192A317C00735175 /* UIKit.framework in Frameworks */ = {isa = PBXBuildFile; fileRef = F898675E192A317C00735175 /* UIKit.framework */; };
		F8986776192A317C00735175 /* Images.xcassets in Resources */ = {isa = PBXBuildFile; fileRef = F8986775192A317C00735175 /* Images.xcassets */; };
/* End PBXBuildFile section */

/* Begin PBXCopyFilesBuildPhase section */
		F88A0B311A80F7220089DE9A /* Embed App Extensions */ = {
			isa = PBXCopyFilesBuildPhase;
			buildActionMask = 2147483647;
			dstPath = "";
			dstSubfolderSpec = 13;
			files = (
			);
			name = "Embed App Extensions";
			runOnlyForDeploymentPostprocessing = 0;
		};
/* End PBXCopyFilesBuildPhase section */

/* Begin PBXFileReference section */
		0B69C8AE8CFDA1E82A1EF6EC /* Pods-TorrentAdder.release.xcconfig */ = {isa = PBXFileReference; includeInIndex = 1; lastKnownFileType = text.xcconfig; name = "Pods-TorrentAdder.release.xcconfig"; path = "Pods/Target Support Files/Pods-TorrentAdder/Pods-TorrentAdder.release.xcconfig"; sourceTree = "<group>"; };
		28C49869784A7E738760973F /* Pods_TorrentAdder.framework */ = {isa = PBXFileReference; explicitFileType = wrapper.framework; includeInIndex = 0; path = Pods_TorrentAdder.framework; sourceTree = BUILT_PRODUCTS_DIR; };
		970130DF21B07EC000E7CFEC /* WebAPI.swift */ = {isa = PBXFileReference; lastKnownFileType = sourcecode.swift; path = WebAPI.swift; sourceTree = "<group>"; };
		970130E121B084E500E7CFEC /* Alamofire+SY.swift */ = {isa = PBXFileReference; lastKnownFileType = sourcecode.swift; path = "Alamofire+SY.swift"; sourceTree = "<group>"; };
		970130E321B08E1000E7CFEC /* Error+SY.swift */ = {isa = PBXFileReference; lastKnownFileType = sourcecode.swift; path = "Error+SY.swift"; sourceTree = "<group>"; };
		972589AC21B0AD6D00FCE9D5 /* AppError.swift */ = {isa = PBXFileReference; lastKnownFileType = sourcecode.swift; path = AppError.swift; sourceTree = "<group>"; };
		972B4FBB24BBCF270026BFE4 /* String+SY.swift */ = {isa = PBXFileReference; lastKnownFileType = sourcecode.swift; path = "String+SY.swift"; sourceTree = "<group>"; };
		973784311BD40649001AD487 /* Launch.storyboard */ = {isa = PBXFileReference; fileEncoding = 4; lastKnownFileType = file.storyboard; path = Launch.storyboard; sourceTree = "<group>"; };
		97475609232AB4DA0038698E /* ViewController.swift */ = {isa = PBXFileReference; lastKnownFileType = sourcecode.swift; path = ViewController.swift; sourceTree = "<group>"; };
		974D372921B150FC00C0FDDE /* SearchResult.swift */ = {isa = PBXFileReference; lastKnownFileType = sourcecode.swift; path = SearchResult.swift; sourceTree = "<group>"; };
		974D372B21B157CE00C0FDDE /* Fuzi+SY.swift */ = {isa = PBXFileReference; lastKnownFileType = sourcecode.swift; path = "Fuzi+SY.swift"; sourceTree = "<group>"; };
		974D372D21B1D87300C0FDDE /* Calendar+SY.swift */ = {isa = PBXFileReference; lastKnownFileType = sourcecode.swift; path = "Calendar+SY.swift"; sourceTree = "<group>"; };
		974D372F21B1DDEE00C0FDDE /* UIViewController+SY.swift */ = {isa = PBXFileReference; lastKnownFileType = sourcecode.swift; path = "UIViewController+SY.swift"; sourceTree = "<group>"; };
		974D373121B1DF8600C0FDDE /* IPv4Address.swift */ = {isa = PBXFileReference; lastKnownFileType = sourcecode.swift; path = IPv4Address.swift; sourceTree = "<group>"; };
		974D373321B1E2DA00C0FDDE /* IPv4Interface.swift */ = {isa = PBXFileReference; lastKnownFileType = sourcecode.swift; path = IPv4Interface.swift; sourceTree = "<group>"; };
		974D373521B4965700C0FDDE /* Sockets+SY.h */ = {isa = PBXFileReference; lastKnownFileType = sourcecode.c.h; path = "Sockets+SY.h"; sourceTree = "<group>"; };
		974D373821B4999E00C0FDDE /* Sockets+SY.m */ = {isa = PBXFileReference; fileEncoding = 4; lastKnownFileType = sourcecode.c.objc; path = "Sockets+SY.m"; sourceTree = "<group>"; };
		974D373A21B49D4800C0FDDE /* ClientAPI.swift */ = {isa = PBXFileReference; lastKnownFileType = sourcecode.swift; path = ClientAPI.swift; sourceTree = "<group>"; };
		974D3A1224BB327900953757 /* SuggestionCell.swift */ = {isa = PBXFileReference; lastKnownFileType = sourcecode.swift; path = SuggestionCell.swift; sourceTree = "<group>"; };
		974D3A1324BB327900953757 /* SuggestionCell.xib */ = {isa = PBXFileReference; lastKnownFileType = file.xib; path = SuggestionCell.xib; sourceTree = "<group>"; };
		9768CA6221B55838000AA7C2 /* UIColor+SY.swift */ = {isa = PBXFileReference; lastKnownFileType = sourcecode.swift; path = "UIColor+SY.swift"; sourceTree = "<group>"; };
		9768CA6421B5770B000AA7C2 /* Client.swift */ = {isa = PBXFileReference; lastKnownFileType = sourcecode.swift; path = Client.swift; sourceTree = "<group>"; };
		9768CA6621B57B33000AA7C2 /* Client+UI.swift */ = {isa = PBXFileReference; lastKnownFileType = sourcecode.swift; path = "Client+UI.swift"; sourceTree = "<group>"; };
		976D5EFA230E0E3600573E0D /* en */ = {isa = PBXFileReference; lastKnownFileType = text.plist.strings; name = en; path = en.lproj/Localizable.strings; sourceTree = "<group>"; };
		976D5EFD230E0E4400573E0D /* fr */ = {isa = PBXFileReference; lastKnownFileType = text.plist.strings; name = fr; path = fr.lproj/Localizable.strings; sourceTree = "<group>"; };
		9771AB1121AEC918005DE97D /* TorrentAdder-Bridging-Header.h */ = {isa = PBXFileReference; lastKnownFileType = sourcecode.c.h; path = "TorrentAdder-Bridging-Header.h"; sourceTree = "<group>"; };
		9771AB1221AEC919005DE97D /* MainVC.swift */ = {isa = PBXFileReference; lastKnownFileType = sourcecode.swift; path = MainVC.swift; sourceTree = "<group>"; };
		9771AB1A21AEDC92005DE97D /* AppDelegate.swift */ = {isa = PBXFileReference; lastKnownFileType = sourcecode.swift; path = AppDelegate.swift; sourceTree = "<group>"; };
		9771AB1E21AEE457005DE97D /* MagnetPopupVC.swift */ = {isa = PBXFileReference; lastKnownFileType = sourcecode.swift; path = MagnetPopupVC.swift; sourceTree = "<group>"; };
		9771AB2021AEE679005DE97D /* MagnetPopupVC.xib */ = {isa = PBXFileReference; lastKnownFileType = file.xib; path = MagnetPopupVC.xib; sourceTree = "<group>"; };
		9771AB2221AEF1A5005DE97D /* URL+SY.swift */ = {isa = PBXFileReference; lastKnownFileType = sourcecode.swift; path = "URL+SY.swift"; sourceTree = "<group>"; };
		9771AB2421AEF3CE005DE97D /* UIView+SY.swift */ = {isa = PBXFileReference; lastKnownFileType = sourcecode.swift; path = "UIView+SY.swift"; sourceTree = "<group>"; };
		9771AB2821AEF898005DE97D /* NavigationController.swift */ = {isa = PBXFileReference; lastKnownFileType = sourcecode.swift; path = NavigationController.swift; sourceTree = "<group>"; };
		9771AB2A21AEF901005DE97D /* DiscoverClientsVC.swift */ = {isa = PBXFileReference; lastKnownFileType = sourcecode.swift; path = DiscoverClientsVC.swift; sourceTree = "<group>"; };
		9771AB2C21AEFF09005DE97D /* EditClientVC.swift */ = {isa = PBXFileReference; lastKnownFileType = sourcecode.swift; path = EditClientVC.swift; sourceTree = "<group>"; };
		9771AB2E21AF0356005DE97D /* AddClientCell.swift */ = {isa = PBXFileReference; lastKnownFileType = sourcecode.swift; path = AddClientCell.swift; sourceTree = "<group>"; };
		9771AB3021AF0534005DE97D /* ClientCell.swift */ = {isa = PBXFileReference; lastKnownFileType = sourcecode.swift; path = ClientCell.swift; sourceTree = "<group>"; };
		9771AB3221AF08E4005DE97D /* ResultCell.swift */ = {isa = PBXFileReference; lastKnownFileType = sourcecode.swift; path = ResultCell.swift; sourceTree = "<group>"; };
		9771AB3421AF0C59005DE97D /* ClientFormCell.swift */ = {isa = PBXFileReference; lastKnownFileType = sourcecode.swift; path = ClientFormCell.swift; sourceTree = "<group>"; };
		9771AB3621AF2BA4005DE97D /* Preferences.swift */ = {isa = PBXFileReference; lastKnownFileType = sourcecode.swift; path = Preferences.swift; sourceTree = "<group>"; };
		9771AB3821AF2D7C005DE97D /* TorrentAdder.entitlements */ = {isa = PBXFileReference; lastKnownFileType = text.plist.entitlements; path = TorrentAdder.entitlements; sourceTree = "<group>"; };
		9771AB3921AF319E005DE97D /* HostnameResolver.swift */ = {isa = PBXFileReference; lastKnownFileType = sourcecode.swift; path = HostnameResolver.swift; sourceTree = "<group>"; };
		97888C9E21B5A745004EB144 /* Codable+SY.swift */ = {isa = PBXFileReference; fileEncoding = 4; lastKnownFileType = sourcecode.swift; path = "Codable+SY.swift"; sourceTree = "<group>"; };
		979D4A9521AF4335000BFDF0 /* NetService+SY.swift */ = {isa = PBXFileReference; lastKnownFileType = sourcecode.swift; path = "NetService+SY.swift"; sourceTree = "<group>"; };
		979D4A9721AF4614000BFDF0 /* ClientStatusManager.swift */ = {isa = PBXFileReference; lastKnownFileType = sourcecode.swift; path = ClientStatusManager.swift; sourceTree = "<group>"; };
		979D4A9C21AF4764000BFDF0 /* NSHost+SY.h */ = {isa = PBXFileReference; lastKnownFileType = sourcecode.c.h; path = "NSHost+SY.h"; sourceTree = "<group>"; };
		97A0C5551BC3271300DC4EEC /* blue_background.png */ = {isa = PBXFileReference; lastKnownFileType = image.png; path = blue_background.png; sourceTree = "<group>"; };
		97A0C5561BC3271300DC4EEC /* form_bookmark_org.png */ = {isa = PBXFileReference; lastKnownFileType = image.png; path = form_bookmark_org.png; sourceTree = "<group>"; };
		97A0C5571BC3271300DC4EEC /* form_cmd_org.png */ = {isa = PBXFileReference; lastKnownFileType = image.png; path = form_cmd_org.png; sourceTree = "<group>"; };
		97A0C5581BC3271300DC4EEC /* form_host_org.png */ = {isa = PBXFileReference; lastKnownFileType = image.png; path = form_host_org.png; sourceTree = "<group>"; };
		97A0C5591BC3271300DC4EEC /* form_port_org.png */ = {isa = PBXFileReference; lastKnownFileType = image.png; path = form_port_org.png; sourceTree = "<group>"; };
		97A0C55A1BC3271300DC4EEC /* IconBlue.png */ = {isa = PBXFileReference; lastKnownFileType = image.png; path = IconBlue.png; sourceTree = "<group>"; };
		97A0C55B1BC3271300DC4EEC /* IconRed.png */ = {isa = PBXFileReference; lastKnownFileType = image.png; path = IconRed.png; sourceTree = "<group>"; };
		97A0C55C1BC3271300DC4EEC /* IconRed2.png */ = {isa = PBXFileReference; lastKnownFileType = image.png; path = IconRed2.png; sourceTree = "<group>"; };
		97A18E0B1BBC011900F33AF5 /* MainVC.xib */ = {isa = PBXFileReference; fileEncoding = 4; lastKnownFileType = file.xib; path = MainVC.xib; sourceTree = "<group>"; };
		97A18E0D1BBC016B00F33AF5 /* ClientCell.xib */ = {isa = PBXFileReference; fileEncoding = 4; lastKnownFileType = file.xib; path = ClientCell.xib; sourceTree = "<group>"; };
		97A18E0F1BBC017000F33AF5 /* AddClientCell.xib */ = {isa = PBXFileReference; fileEncoding = 4; lastKnownFileType = file.xib; path = AddClientCell.xib; sourceTree = "<group>"; };
		97A18E111BBC017500F33AF5 /* ResultCell.xib */ = {isa = PBXFileReference; fileEncoding = 4; lastKnownFileType = file.xib; path = ResultCell.xib; sourceTree = "<group>"; };
		97A18E131BBC017C00F33AF5 /* DiscoverClientsVC.xib */ = {isa = PBXFileReference; fileEncoding = 4; lastKnownFileType = file.xib; path = DiscoverClientsVC.xib; sourceTree = "<group>"; };
		97B4041422C5274F00C7A684 /* IconButtons.swift */ = {isa = PBXFileReference; lastKnownFileType = sourcecode.swift; path = IconButtons.swift; sourceTree = "<group>"; };
		97C0D28524C71CBA00AFB781 /* SuggestionsVC.swift */ = {isa = PBXFileReference; lastKnownFileType = sourcecode.swift; path = SuggestionsVC.swift; sourceTree = "<group>"; };
		97C0D28624C71CBA00AFB781 /* SuggestionsVC.xib */ = {isa = PBXFileReference; lastKnownFileType = file.xib; path = SuggestionsVC.xib; sourceTree = "<group>"; };
		97EC446221AF37330034C861 /* Pinger.swift */ = {isa = PBXFileReference; lastKnownFileType = sourcecode.swift; path = Pinger.swift; sourceTree = "<group>"; };
		97F911461BC2C45C00BF1848 /* EditClientVC.xib */ = {isa = PBXFileReference; fileEncoding = 4; lastKnownFileType = file.xib; path = EditClientVC.xib; sourceTree = "<group>"; };
		97F9114B1BC2C73D00BF1848 /* ClientFormCell.xib */ = {isa = PBXFileReference; fileEncoding = 4; lastKnownFileType = file.xib; path = ClientFormCell.xib; sourceTree = "<group>"; };
		ECB5BC1A5208F37710432FDC /* Pods-TorrentAdder.debug.xcconfig */ = {isa = PBXFileReference; includeInIndex = 1; lastKnownFileType = text.xcconfig; name = "Pods-TorrentAdder.debug.xcconfig"; path = "Pods/Target Support Files/Pods-TorrentAdder/Pods-TorrentAdder.debug.xcconfig"; sourceTree = "<group>"; };
		F8986757192A317C00735175 /* TorrentAdder.app */ = {isa = PBXFileReference; explicitFileType = wrapper.application; includeInIndex = 0; path = TorrentAdder.app; sourceTree = BUILT_PRODUCTS_DIR; };
		F898675A192A317C00735175 /* Foundation.framework */ = {isa = PBXFileReference; lastKnownFileType = wrapper.framework; name = Foundation.framework; path = System/Library/Frameworks/Foundation.framework; sourceTree = SDKROOT; };
		F898675C192A317C00735175 /* CoreGraphics.framework */ = {isa = PBXFileReference; lastKnownFileType = wrapper.framework; name = CoreGraphics.framework; path = System/Library/Frameworks/CoreGraphics.framework; sourceTree = SDKROOT; };
		F898675E192A317C00735175 /* UIKit.framework */ = {isa = PBXFileReference; lastKnownFileType = wrapper.framework; name = UIKit.framework; path = System/Library/Frameworks/UIKit.framework; sourceTree = SDKROOT; };
		F8986762192A317C00735175 /* TorrentAdder-Info.plist */ = {isa = PBXFileReference; lastKnownFileType = text.plist.xml; path = "TorrentAdder-Info.plist"; sourceTree = "<group>"; };
		F8986775192A317C00735175 /* Images.xcassets */ = {isa = PBXFileReference; lastKnownFileType = folder.assetcatalog; path = Images.xcassets; sourceTree = "<group>"; };
		F898677C192A317D00735175 /* XCTest.framework */ = {isa = PBXFileReference; lastKnownFileType = wrapper.framework; name = XCTest.framework; path = Library/Frameworks/XCTest.framework; sourceTree = DEVELOPER_DIR; };
/* End PBXFileReference section */

/* Begin PBXFrameworksBuildPhase section */
		F8986754192A317C00735175 /* Frameworks */ = {
			isa = PBXFrameworksBuildPhase;
			buildActionMask = 2147483647;
			files = (
				F898675D192A317C00735175 /* CoreGraphics.framework in Frameworks */,
				F898675F192A317C00735175 /* UIKit.framework in Frameworks */,
				F898675B192A317C00735175 /* Foundation.framework in Frameworks */,
				6628422579BAE3C1A2B8B69A /* Pods_TorrentAdder.framework in Frameworks */,
			);
			runOnlyForDeploymentPostprocessing = 0;
		};
/* End PBXFrameworksBuildPhase section */

/* Begin PBXGroup section */
		973AFF811BB41CFC00BA4B8B /* VCs */ = {
			isa = PBXGroup;
			children = (
				97475609232AB4DA0038698E /* ViewController.swift */,
				9771AB2821AEF898005DE97D /* NavigationController.swift */,
				9771AB1221AEC919005DE97D /* MainVC.swift */,
				97A18E0B1BBC011900F33AF5 /* MainVC.xib */,
				9771AB2A21AEF901005DE97D /* DiscoverClientsVC.swift */,
				97A18E131BBC017C00F33AF5 /* DiscoverClientsVC.xib */,
				9771AB2C21AEFF09005DE97D /* EditClientVC.swift */,
				97F911461BC2C45C00BF1848 /* EditClientVC.xib */,
				9771AB1E21AEE457005DE97D /* MagnetPopupVC.swift */,
				9771AB2021AEE679005DE97D /* MagnetPopupVC.xib */,
				97C0D28524C71CBA00AFB781 /* SuggestionsVC.swift */,
				97C0D28624C71CBA00AFB781 /* SuggestionsVC.xib */,
			);
			name = VCs;
			sourceTree = "<group>";
		};
		973AFF821BB41D0700BA4B8B /* Cells */ = {
			isa = PBXGroup;
			children = (
				9771AB2E21AF0356005DE97D /* AddClientCell.swift */,
				97A18E0F1BBC017000F33AF5 /* AddClientCell.xib */,
				9771AB3021AF0534005DE97D /* ClientCell.swift */,
				97A18E0D1BBC016B00F33AF5 /* ClientCell.xib */,
				9771AB3421AF0C59005DE97D /* ClientFormCell.swift */,
				97F9114B1BC2C73D00BF1848 /* ClientFormCell.xib */,
				9771AB3221AF08E4005DE97D /* ResultCell.swift */,
				97A18E111BBC017500F33AF5 /* ResultCell.xib */,
				974D3A1224BB327900953757 /* SuggestionCell.swift */,
				974D3A1324BB327900953757 /* SuggestionCell.xib */,
			);
			name = Cells;
			sourceTree = "<group>";
		};
		9771AB1421AECB84005DE97D /* Extensions */ = {
			isa = PBXGroup;
			children = (
				970130E121B084E500E7CFEC /* Alamofire+SY.swift */,
				974D372D21B1D87300C0FDDE /* Calendar+SY.swift */,
				97888C9E21B5A745004EB144 /* Codable+SY.swift */,
				970130E321B08E1000E7CFEC /* Error+SY.swift */,
				974D372B21B157CE00C0FDDE /* Fuzi+SY.swift */,
				979D4A9521AF4335000BFDF0 /* NetService+SY.swift */,
				979D4A9C21AF4764000BFDF0 /* NSHost+SY.h */,
				974D373521B4965700C0FDDE /* Sockets+SY.h */,
				974D373821B4999E00C0FDDE /* Sockets+SY.m */,
				9771AB2421AEF3CE005DE97D /* UIView+SY.swift */,
				974D372F21B1DDEE00C0FDDE /* UIViewController+SY.swift */,
				9771AB2221AEF1A5005DE97D /* URL+SY.swift */,
				9768CA6221B55838000AA7C2 /* UIColor+SY.swift */,
				972B4FBB24BBCF270026BFE4 /* String+SY.swift */,
			);
			name = Extensions;
			sourceTree = "<group>";
		};
		97B4041622C5275700C7A684 /* Views */ = {
			isa = PBXGroup;
			children = (
				97B4041422C5274F00C7A684 /* IconButtons.swift */,
			);
			name = Views;
			sourceTree = "<group>";
		};
		97EACC001BC2C31300382614 /* Network */ = {
			isa = PBXGroup;
			children = (
				979D4A9721AF4614000BFDF0 /* ClientStatusManager.swift */,
				9771AB3921AF319E005DE97D /* HostnameResolver.swift */,
				97EC446221AF37330034C861 /* Pinger.swift */,
			);
			name = Network;
			sourceTree = "<group>";
		};
		97EACC011BC2C31B00382614 /* API */ = {
			isa = PBXGroup;
			children = (
				974D373A21B49D4800C0FDDE /* ClientAPI.swift */,
				970130DF21B07EC000E7CFEC /* WebAPI.swift */,
			);
			name = API;
			sourceTree = "<group>";
		};
		97EACC021BC2C32700382614 /* Storage */ = {
			isa = PBXGroup;
			children = (
				9771AB3621AF2BA4005DE97D /* Preferences.swift */,
			);
			name = Storage;
			sourceTree = "<group>";
		};
		D2AE9763663001786F053965 /* Pods */ = {
			isa = PBXGroup;
			children = (
				ECB5BC1A5208F37710432FDC /* Pods-TorrentAdder.debug.xcconfig */,
				0B69C8AE8CFDA1E82A1EF6EC /* Pods-TorrentAdder.release.xcconfig */,
			);
			name = Pods;
			sourceTree = "<group>";
		};
		F83FFA40192BE74E0034A95B /* Controllers */ = {
			isa = PBXGroup;
			children = (
				97EACC011BC2C31B00382614 /* API */,
				97EACC001BC2C31300382614 /* Network */,
				97EACC021BC2C32700382614 /* Storage */,
			);
			name = Controllers;
			sourceTree = "<group>";
		};
		F898674E192A317C00735175 = {
			isa = PBXGroup;
			children = (
				F8986760192A317C00735175 /* TorrentAdder */,
				F8986759192A317C00735175 /* Frameworks */,
				F8986758192A317C00735175 /* Products */,
				F8986800192BC06700735175 /* Resources */,
				D2AE9763663001786F053965 /* Pods */,
			);
			sourceTree = "<group>";
		};
		F8986758192A317C00735175 /* Products */ = {
			isa = PBXGroup;
			children = (
				F8986757192A317C00735175 /* TorrentAdder.app */,
			);
			name = Products;
			sourceTree = "<group>";
		};
		F8986759192A317C00735175 /* Frameworks */ = {
			isa = PBXGroup;
			children = (
				F898675A192A317C00735175 /* Foundation.framework */,
				F898675C192A317C00735175 /* CoreGraphics.framework */,
				F898675E192A317C00735175 /* UIKit.framework */,
				F898677C192A317D00735175 /* XCTest.framework */,
				28C49869784A7E738760973F /* Pods_TorrentAdder.framework */,
			);
			name = Frameworks;
			sourceTree = "<group>";
		};
		F8986760192A317C00735175 /* TorrentAdder */ = {
			isa = PBXGroup;
			children = (
				9771AB3821AF2D7C005DE97D /* TorrentAdder.entitlements */,
				9771AB1421AECB84005DE97D /* Extensions */,
				F83FFA40192BE74E0034A95B /* Controllers */,
				F89867BF192BA8DC00735175 /* Models */,
				973AFF821BB41D0700BA4B8B /* Cells */,
				97B4041622C5275700C7A684 /* Views */,
				973AFF811BB41CFC00BA4B8B /* VCs */,
				9771AB1A21AEDC92005DE97D /* AppDelegate.swift */,
				973784311BD40649001AD487 /* Launch.storyboard */,
				F8986775192A317C00735175 /* Images.xcassets */,
				F8986761192A317C00735175 /* Supporting Files */,
				976D5EFB230E0E3600573E0D /* Localizable.strings */,
			);
			path = TorrentAdder;
			sourceTree = "<group>";
		};
		F8986761192A317C00735175 /* Supporting Files */ = {
			isa = PBXGroup;
			children = (
				F8986762192A317C00735175 /* TorrentAdder-Info.plist */,
				9771AB1121AEC918005DE97D /* TorrentAdder-Bridging-Header.h */,
			);
			name = "Supporting Files";
			sourceTree = "<group>";
		};
		F89867BF192BA8DC00735175 /* Models */ = {
			isa = PBXGroup;
			children = (
				972589AC21B0AD6D00FCE9D5 /* AppError.swift */,
				9768CA6421B5770B000AA7C2 /* Client.swift */,
				9768CA6621B57B33000AA7C2 /* Client+UI.swift */,
				974D373121B1DF8600C0FDDE /* IPv4Address.swift */,
				974D373321B1E2DA00C0FDDE /* IPv4Interface.swift */,
				974D372921B150FC00C0FDDE /* SearchResult.swift */,
			);
			name = Models;
			sourceTree = "<group>";
		};
		F8986800192BC06700735175 /* Resources */ = {
			isa = PBXGroup;
			children = (
				97A0C5551BC3271300DC4EEC /* blue_background.png */,
				97A0C5561BC3271300DC4EEC /* form_bookmark_org.png */,
				97A0C5571BC3271300DC4EEC /* form_cmd_org.png */,
				97A0C5581BC3271300DC4EEC /* form_host_org.png */,
				97A0C5591BC3271300DC4EEC /* form_port_org.png */,
				97A0C55A1BC3271300DC4EEC /* IconBlue.png */,
				97A0C55B1BC3271300DC4EEC /* IconRed.png */,
				97A0C55C1BC3271300DC4EEC /* IconRed2.png */,
			);
			path = Resources;
			sourceTree = "<group>";
		};
/* End PBXGroup section */

/* Begin PBXNativeTarget section */
		F8986756192A317C00735175 /* TorrentAdder */ = {
			isa = PBXNativeTarget;
			buildConfigurationList = F898678C192A317D00735175 /* Build configuration list for PBXNativeTarget "TorrentAdder" */;
			buildPhases = (
				2E37C883200E80A532B2ACFD /* [CP] Check Pods Manifest.lock */,
				9771AB1921AED473005DE97D /* TODOs */,
				F8986753192A317C00735175 /* Sources */,
				F8986754192A317C00735175 /* Frameworks */,
				F8986755192A317C00735175 /* Resources */,
				F88A0B311A80F7220089DE9A /* Embed App Extensions */,
				FAF7719DF38D205F1D5C7765 /* [CP] Embed Pods Frameworks */,
			);
			buildRules = (
			);
			dependencies = (
			);
			name = TorrentAdder;
			productName = TorrentAdder;
			productReference = F8986757192A317C00735175 /* TorrentAdder.app */;
			productType = "com.apple.product-type.application";
		};
/* End PBXNativeTarget section */

/* Begin PBXProject section */
		F898674F192A317C00735175 /* Project object */ = {
			isa = PBXProject;
			attributes = {
				CLASSPREFIX = SY;
				LastUpgradeCheck = 1020;
				ORGANIZATIONNAME = Syan;
				TargetAttributes = {
					F8986756192A317C00735175 = {
						DevelopmentTeam = 79RY8264V4;
						LastSwiftMigration = 1010;
						ProvisioningStyle = Manual;
						SystemCapabilities = {
							com.apple.DataProtection = {
								enabled = 0;
							};
							com.apple.Keychain = {
								enabled = 0;
							};
							com.apple.iCloud = {
								enabled = 1;
							};
						};
					};
				};
			};
			buildConfigurationList = F8986752192A317C00735175 /* Build configuration list for PBXProject "TorrentAdder" */;
			compatibilityVersion = "Xcode 3.2";
			developmentRegion = en;
			hasScannedForEncodings = 0;
			knownRegions = (
				en,
				Base,
				fr,
			);
			mainGroup = F898674E192A317C00735175;
			productRefGroup = F8986758192A317C00735175 /* Products */;
			projectDirPath = "";
			projectRoot = "";
			targets = (
				F8986756192A317C00735175 /* TorrentAdder */,
			);
		};
/* End PBXProject section */

/* Begin PBXResourcesBuildPhase section */
		F8986755192A317C00735175 /* Resources */ = {
			isa = PBXResourcesBuildPhase;
			buildActionMask = 2147483647;
			files = (
				97A18E101BBC017000F33AF5 /* AddClientCell.xib in Resources */,
				F8986776192A317C00735175 /* Images.xcassets in Resources */,
				97A18E121BBC017500F33AF5 /* ResultCell.xib in Resources */,
				97A0C55F1BC3271300DC4EEC /* form_cmd_org.png in Resources */,
				97A0C55D1BC3271300DC4EEC /* blue_background.png in Resources */,
				976D5EF9230E0E3600573E0D /* Localizable.strings in Resources */,
				97A18E141BBC017C00F33AF5 /* DiscoverClientsVC.xib in Resources */,
				974D3A1524BB327900953757 /* SuggestionCell.xib in Resources */,
				97F911481BC2C45C00BF1848 /* EditClientVC.xib in Resources */,
				97A0C5631BC3271300DC4EEC /* IconRed.png in Resources */,
				97A0C5641BC3271300DC4EEC /* IconRed2.png in Resources */,
				9771AB2121AEE679005DE97D /* MagnetPopupVC.xib in Resources */,
				97C0D28824C71CBA00AFB781 /* SuggestionsVC.xib in Resources */,
				97A0C5621BC3271300DC4EEC /* IconBlue.png in Resources */,
				97A18E0E1BBC016B00F33AF5 /* ClientCell.xib in Resources */,
				97A0C5611BC3271300DC4EEC /* form_port_org.png in Resources */,
				97F9114D1BC2C73D00BF1848 /* ClientFormCell.xib in Resources */,
				97A18E0C1BBC011900F33AF5 /* MainVC.xib in Resources */,
				97A0C5601BC3271300DC4EEC /* form_host_org.png in Resources */,
				973784321BD40649001AD487 /* Launch.storyboard in Resources */,
				97A0C55E1BC3271300DC4EEC /* form_bookmark_org.png in Resources */,
			);
			runOnlyForDeploymentPostprocessing = 0;
		};
/* End PBXResourcesBuildPhase section */

/* Begin PBXShellScriptBuildPhase section */
		2E37C883200E80A532B2ACFD /* [CP] Check Pods Manifest.lock */ = {
			isa = PBXShellScriptBuildPhase;
			buildActionMask = 2147483647;
			files = (
			);
			inputPaths = (
				"${PODS_PODFILE_DIR_PATH}/Podfile.lock",
				"${PODS_ROOT}/Manifest.lock",
			);
			name = "[CP] Check Pods Manifest.lock";
			outputPaths = (
				"$(DERIVED_FILE_DIR)/Pods-TorrentAdder-checkManifestLockResult.txt",
			);
			runOnlyForDeploymentPostprocessing = 0;
			shellPath = /bin/sh;
			shellScript = "diff \"${PODS_PODFILE_DIR_PATH}/Podfile.lock\" \"${PODS_ROOT}/Manifest.lock\" > /dev/null\nif [ $? != 0 ] ; then\n    # print error to STDERR\n    echo \"error: The sandbox is not in sync with the Podfile.lock. Run 'pod install' or update your CocoaPods installation.\" >&2\n    exit 1\nfi\n# This output is used by Xcode 'outputs' to avoid re-running this script phase.\necho \"SUCCESS\" > \"${SCRIPT_OUTPUT_FILE_0}\"\n";
			showEnvVarsInLog = 0;
		};
		9771AB1921AED473005DE97D /* TODOs */ = {
			isa = PBXShellScriptBuildPhase;
			buildActionMask = 2147483647;
			files = (
			);
			inputFileListPaths = (
			);
			inputPaths = (
			);
			name = TODOs;
			outputFileListPaths = (
			);
			outputPaths = (
			);
			runOnlyForDeploymentPostprocessing = 0;
			shellPath = /bin/sh;
			shellScript = "declare -a TAGS=(\"TODO:\" \"FIXME:\" \"ASK:\" \"WAITING:\")\necho \"searching ${SRCROOT} for ${TAGS}\"\n\nfor TAG in ${TAGS[@]}; do\nfind \"${SRCROOT}/TorrentAdder\" \\( -name \"*.swift\" -or -name \"*.m\" -or -name \"*.h\" \\) -print0 | xargs -0 egrep --with-filename --line-number --only-matching \"($TAG).*\\$\" | perl -p -e \"s/($TAG)/ warning: \\$1/\"\ndone\n";
		};
		FAF7719DF38D205F1D5C7765 /* [CP] Embed Pods Frameworks */ = {
			isa = PBXShellScriptBuildPhase;
			buildActionMask = 2147483647;
			files = (
			);
			inputPaths = (
				"${PODS_ROOT}/Target Support Files/Pods-TorrentAdder/Pods-TorrentAdder-frameworks.sh",
				"${BUILT_PRODUCTS_DIR}/Alamofire/Alamofire.framework",
				"${BUILT_PRODUCTS_DIR}/BrightFutures/BrightFutures.framework",
				"${BUILT_PRODUCTS_DIR}/Fuzi/Fuzi.framework",
				"${BUILT_PRODUCTS_DIR}/NSDate+TimeAgo/NSDate_TimeAgo.framework",
				"${BUILT_PRODUCTS_DIR}/SPLPing/SPLPing.framework",
				"${BUILT_PRODUCTS_DIR}/SVProgressHUD/SVProgressHUD.framework",
				"${BUILT_PRODUCTS_DIR}/SYKit/SYKit.framework",
				"${BUILT_PRODUCTS_DIR}/TPKeyboardAvoiding/TPKeyboardAvoiding.framework",
			);
			name = "[CP] Embed Pods Frameworks";
			outputPaths = (
				"${TARGET_BUILD_DIR}/${FRAMEWORKS_FOLDER_PATH}/Alamofire.framework",
				"${TARGET_BUILD_DIR}/${FRAMEWORKS_FOLDER_PATH}/BrightFutures.framework",
				"${TARGET_BUILD_DIR}/${FRAMEWORKS_FOLDER_PATH}/Fuzi.framework",
				"${TARGET_BUILD_DIR}/${FRAMEWORKS_FOLDER_PATH}/NSDate_TimeAgo.framework",
				"${TARGET_BUILD_DIR}/${FRAMEWORKS_FOLDER_PATH}/SPLPing.framework",
				"${TARGET_BUILD_DIR}/${FRAMEWORKS_FOLDER_PATH}/SVProgressHUD.framework",
				"${TARGET_BUILD_DIR}/${FRAMEWORKS_FOLDER_PATH}/SYKit.framework",
				"${TARGET_BUILD_DIR}/${FRAMEWORKS_FOLDER_PATH}/TPKeyboardAvoiding.framework",
			);
			runOnlyForDeploymentPostprocessing = 0;
			shellPath = /bin/sh;
			shellScript = "\"${PODS_ROOT}/Target Support Files/Pods-TorrentAdder/Pods-TorrentAdder-frameworks.sh\"\n";
			showEnvVarsInLog = 0;
		};
/* End PBXShellScriptBuildPhase section */

/* Begin PBXSourcesBuildPhase section */
		F8986753192A317C00735175 /* Sources */ = {
			isa = PBXSourcesBuildPhase;
			buildActionMask = 2147483647;
			files = (
				979D4A9621AF4335000BFDF0 /* NetService+SY.swift in Sources */,
				974D373B21B49D4800C0FDDE /* ClientAPI.swift in Sources */,
				9771AB1B21AEDC92005DE97D /* AppDelegate.swift in Sources */,
				974D3A1424BB327900953757 /* SuggestionCell.swift in Sources */,
				97B4041522C5274F00C7A684 /* IconButtons.swift in Sources */,
				974D373221B1DF8600C0FDDE /* IPv4Address.swift in Sources */,
				97EC446321AF37330034C861 /* Pinger.swift in Sources */,
				974D372C21B157CE00C0FDDE /* Fuzi+SY.swift in Sources */,
				9768CA6721B57B33000AA7C2 /* Client+UI.swift in Sources */,
				970130E021B07EC000E7CFEC /* WebAPI.swift in Sources */,
				9768CA6321B55838000AA7C2 /* UIColor+SY.swift in Sources */,
				9768CA6521B5770B000AA7C2 /* Client.swift in Sources */,
				9771AB2521AEF3CE005DE97D /* UIView+SY.swift in Sources */,
				9771AB1F21AEE457005DE97D /* MagnetPopupVC.swift in Sources */,
				974D373921B4999E00C0FDDE /* Sockets+SY.m in Sources */,
				970130E421B08E1000E7CFEC /* Error+SY.swift in Sources */,
				9771AB3A21AF319E005DE97D /* HostnameResolver.swift in Sources */,
				9771AB1321AEC919005DE97D /* MainVC.swift in Sources */,
				9771AB2321AEF1A5005DE97D /* URL+SY.swift in Sources */,
				9771AB3521AF0C59005DE97D /* ClientFormCell.swift in Sources */,
				9771AB2D21AEFF09005DE97D /* EditClientVC.swift in Sources */,
				974D373421B1E2DA00C0FDDE /* IPv4Interface.swift in Sources */,
				9771AB2921AEF898005DE97D /* NavigationController.swift in Sources */,
				9771AB2F21AF0356005DE97D /* AddClientCell.swift in Sources */,
				974D372A21B150FC00C0FDDE /* SearchResult.swift in Sources */,
				9771AB3321AF08E4005DE97D /* ResultCell.swift in Sources */,
				972B4FBC24BBCF270026BFE4 /* String+SY.swift in Sources */,
				9747560A232AB4DA0038698E /* ViewController.swift in Sources */,
				9771AB3121AF0534005DE97D /* ClientCell.swift in Sources */,
				972589AD21B0AD6D00FCE9D5 /* AppError.swift in Sources */,
				97C0D28724C71CBA00AFB781 /* SuggestionsVC.swift in Sources */,
				97888C9F21B5A745004EB144 /* Codable+SY.swift in Sources */,
				974D372E21B1D87300C0FDDE /* Calendar+SY.swift in Sources */,
				979D4A9821AF4614000BFDF0 /* ClientStatusManager.swift in Sources */,
				970130E221B084E500E7CFEC /* Alamofire+SY.swift in Sources */,
				9771AB3721AF2BA4005DE97D /* Preferences.swift in Sources */,
				974D373021B1DDEE00C0FDDE /* UIViewController+SY.swift in Sources */,
				9771AB2B21AEF901005DE97D /* DiscoverClientsVC.swift in Sources */,
			);
			runOnlyForDeploymentPostprocessing = 0;
		};
/* End PBXSourcesBuildPhase section */

/* Begin PBXVariantGroup section */
		976D5EFB230E0E3600573E0D /* Localizable.strings */ = {
			isa = PBXVariantGroup;
			children = (
				976D5EFA230E0E3600573E0D /* en */,
				976D5EFD230E0E4400573E0D /* fr */,
			);
			name = Localizable.strings;
			sourceTree = "<group>";
		};
/* End PBXVariantGroup section */

/* Begin XCBuildConfiguration section */
		F898678A192A317D00735175 /* Debug */ = {
			isa = XCBuildConfiguration;
			buildSettings = {
				ALWAYS_SEARCH_USER_PATHS = NO;
				CLANG_ANALYZER_LOCALIZABILITY_NONLOCALIZED = YES;
				CLANG_CXX_LANGUAGE_STANDARD = "gnu++0x";
				CLANG_CXX_LIBRARY = "libc++";
				CLANG_ENABLE_MODULES = YES;
				CLANG_ENABLE_OBJC_ARC = YES;
				CLANG_WARN_BLOCK_CAPTURE_AUTORELEASING = YES;
				CLANG_WARN_BOOL_CONVERSION = YES;
				CLANG_WARN_COMMA = YES;
				CLANG_WARN_CONSTANT_CONVERSION = YES;
				CLANG_WARN_DEPRECATED_OBJC_IMPLEMENTATIONS = YES;
				CLANG_WARN_DIRECT_OBJC_ISA_USAGE = YES_ERROR;
				CLANG_WARN_EMPTY_BODY = YES;
				CLANG_WARN_ENUM_CONVERSION = YES;
				CLANG_WARN_INFINITE_RECURSION = YES;
				CLANG_WARN_INT_CONVERSION = YES;
				CLANG_WARN_NON_LITERAL_NULL_CONVERSION = YES;
				CLANG_WARN_OBJC_IMPLICIT_RETAIN_SELF = YES;
				CLANG_WARN_OBJC_LITERAL_CONVERSION = YES;
				CLANG_WARN_OBJC_ROOT_CLASS = YES_ERROR;
				CLANG_WARN_RANGE_LOOP_ANALYSIS = YES;
				CLANG_WARN_STRICT_PROTOTYPES = YES;
				CLANG_WARN_SUSPICIOUS_MOVE = YES;
				CLANG_WARN_UNGUARDED_AVAILABILITY = YES_AGGRESSIVE;
				CLANG_WARN_UNREACHABLE_CODE = YES;
				CLANG_WARN__DUPLICATE_METHOD_MATCH = YES;
				CODE_SIGN_IDENTITY = "iPhone Developer";
				COPY_PHASE_STRIP = NO;
				CURRENT_PROJECT_VERSION = 24;
				ENABLE_BITCODE = NO;
				ENABLE_STRICT_OBJC_MSGSEND = YES;
				ENABLE_TESTABILITY = YES;
				GCC_C_LANGUAGE_STANDARD = gnu99;
				GCC_DYNAMIC_NO_PIC = NO;
				GCC_NO_COMMON_BLOCKS = YES;
				GCC_OPTIMIZATION_LEVEL = 0;
				GCC_PREPROCESSOR_DEFINITIONS = (
					"DEBUG=1",
					"$(inherited)",
				);
				GCC_SYMBOLS_PRIVATE_EXTERN = NO;
				GCC_WARN_64_TO_32_BIT_CONVERSION = YES;
				GCC_WARN_ABOUT_RETURN_TYPE = YES_ERROR;
				GCC_WARN_UNDECLARED_SELECTOR = YES;
				GCC_WARN_UNINITIALIZED_AUTOS = YES_AGGRESSIVE;
				GCC_WARN_UNUSED_FUNCTION = YES;
				GCC_WARN_UNUSED_VARIABLE = YES;
				IPHONEOS_DEPLOYMENT_TARGET = 11.0;
				ONLY_ACTIVE_ARCH = YES;
				SDKROOT = iphoneos;
				SWIFT_VERSION = 5.0;
				TARGETED_DEVICE_FAMILY = "1,2";
				VERSIONING_SYSTEM = "apple-generic";
			};
			name = Debug;
		};
		F898678B192A317D00735175 /* Release */ = {
			isa = XCBuildConfiguration;
			buildSettings = {
				ALWAYS_SEARCH_USER_PATHS = NO;
				CLANG_ANALYZER_LOCALIZABILITY_NONLOCALIZED = YES;
				CLANG_CXX_LANGUAGE_STANDARD = "gnu++0x";
				CLANG_CXX_LIBRARY = "libc++";
				CLANG_ENABLE_MODULES = YES;
				CLANG_ENABLE_OBJC_ARC = YES;
				CLANG_WARN_BLOCK_CAPTURE_AUTORELEASING = YES;
				CLANG_WARN_BOOL_CONVERSION = YES;
				CLANG_WARN_COMMA = YES;
				CLANG_WARN_CONSTANT_CONVERSION = YES;
				CLANG_WARN_DEPRECATED_OBJC_IMPLEMENTATIONS = YES;
				CLANG_WARN_DIRECT_OBJC_ISA_USAGE = YES_ERROR;
				CLANG_WARN_EMPTY_BODY = YES;
				CLANG_WARN_ENUM_CONVERSION = YES;
				CLANG_WARN_INFINITE_RECURSION = YES;
				CLANG_WARN_INT_CONVERSION = YES;
				CLANG_WARN_NON_LITERAL_NULL_CONVERSION = YES;
				CLANG_WARN_OBJC_IMPLICIT_RETAIN_SELF = YES;
				CLANG_WARN_OBJC_LITERAL_CONVERSION = YES;
				CLANG_WARN_OBJC_ROOT_CLASS = YES_ERROR;
				CLANG_WARN_RANGE_LOOP_ANALYSIS = YES;
				CLANG_WARN_STRICT_PROTOTYPES = YES;
				CLANG_WARN_SUSPICIOUS_MOVE = YES;
				CLANG_WARN_UNGUARDED_AVAILABILITY = YES_AGGRESSIVE;
				CLANG_WARN_UNREACHABLE_CODE = YES;
				CLANG_WARN__DUPLICATE_METHOD_MATCH = YES;
				CODE_SIGN_IDENTITY = "iPhone Distribution";
				COPY_PHASE_STRIP = YES;
				CURRENT_PROJECT_VERSION = 24;
				ENABLE_BITCODE = NO;
				ENABLE_NS_ASSERTIONS = NO;
				ENABLE_STRICT_OBJC_MSGSEND = YES;
				GCC_C_LANGUAGE_STANDARD = gnu99;
				GCC_NO_COMMON_BLOCKS = YES;
				GCC_WARN_64_TO_32_BIT_CONVERSION = YES;
				GCC_WARN_ABOUT_RETURN_TYPE = YES_ERROR;
				GCC_WARN_UNDECLARED_SELECTOR = YES;
				GCC_WARN_UNINITIALIZED_AUTOS = YES_AGGRESSIVE;
				GCC_WARN_UNUSED_FUNCTION = YES;
				GCC_WARN_UNUSED_VARIABLE = YES;
				IPHONEOS_DEPLOYMENT_TARGET = 11.0;
				SDKROOT = iphoneos;
				SWIFT_COMPILATION_MODE = wholemodule;
				SWIFT_VERSION = 5.0;
				TARGETED_DEVICE_FAMILY = "1,2";
				VALIDATE_PRODUCT = YES;
				VERSIONING_SYSTEM = "apple-generic";
			};
			name = Release;
		};
		F898678D192A317D00735175 /* Debug */ = {
			isa = XCBuildConfiguration;
			baseConfigurationReference = ECB5BC1A5208F37710432FDC /* Pods-TorrentAdder.debug.xcconfig */;
			buildSettings = {
				ASSETCATALOG_COMPILER_APPICON_NAME = AppIcon;
				CLANG_ENABLE_MODULES = YES;
				CODE_SIGN_ENTITLEMENTS = TorrentAdder/TorrentAdder.entitlements;
				CODE_SIGN_IDENTITY = "iPhone Developer";
				CODE_SIGN_STYLE = Manual;
				CURRENT_PROJECT_VERSION = 24;
				DEVELOPMENT_TEAM = 79RY8264V4;
				GCC_PRECOMPILE_PREFIX_HEADER = YES;
				INFOPLIST_FILE = "TorrentAdder/TorrentAdder-Info.plist";
				LD_RUNPATH_SEARCH_PATHS = "$(inherited) @executable_path/Frameworks";
				PRODUCT_BUNDLE_IDENTIFIER = me.syan.TorrentAdder;
				PRODUCT_NAME = "$(TARGET_NAME)";
				PROVISIONING_PROFILE = "";
				PROVISIONING_PROFILE_SPECIFIER = "me.syan.TorrentAdder Development";
				SWIFT_OBJC_BRIDGING_HEADER = "TorrentAdder/TorrentAdder-Bridging-Header.h";
				SWIFT_OPTIMIZATION_LEVEL = "-Onone";
				WRAPPER_EXTENSION = app;
			};
			name = Debug;
		};
		F898678E192A317D00735175 /* Release */ = {
			isa = XCBuildConfiguration;
			baseConfigurationReference = 0B69C8AE8CFDA1E82A1EF6EC /* Pods-TorrentAdder.release.xcconfig */;
			buildSettings = {
				ASSETCATALOG_COMPILER_APPICON_NAME = AppIcon;
				CLANG_ENABLE_MODULES = YES;
				CODE_SIGN_ENTITLEMENTS = TorrentAdder/TorrentAdder.entitlements;
				CODE_SIGN_STYLE = Manual;
				CURRENT_PROJECT_VERSION = 24;
				DEVELOPMENT_TEAM = 79RY8264V4;
				GCC_PRECOMPILE_PREFIX_HEADER = YES;
				INFOPLIST_FILE = "TorrentAdder/TorrentAdder-Info.plist";
				LD_RUNPATH_SEARCH_PATHS = "$(inherited) @executable_path/Frameworks";
				PRODUCT_BUNDLE_IDENTIFIER = me.syan.TorrentAdder;
				PRODUCT_NAME = "$(TARGET_NAME)";
				PROVISIONING_PROFILE = "";
				PROVISIONING_PROFILE_SPECIFIER = "me.syan.TorrentAdder AdHoc";
				SWIFT_OBJC_BRIDGING_HEADER = "TorrentAdder/TorrentAdder-Bridging-Header.h";
				WRAPPER_EXTENSION = app;
			};
			name = Release;
		};
/* End XCBuildConfiguration section */

/* Begin XCConfigurationList section */
		F8986752192A317C00735175 /* Build configuration list for PBXProject "TorrentAdder" */ = {
			isa = XCConfigurationList;
			buildConfigurations = (
				F898678A192A317D00735175 /* Debug */,
				F898678B192A317D00735175 /* Release */,
			);
			defaultConfigurationIsVisible = 0;
			defaultConfigurationName = Release;
		};
		F898678C192A317D00735175 /* Build configuration list for PBXNativeTarget "TorrentAdder" */ = {
			isa = XCConfigurationList;
			buildConfigurations = (
				F898678D192A317D00735175 /* Debug */,
				F898678E192A317D00735175 /* Release */,
			);
			defaultConfigurationIsVisible = 0;
			defaultConfigurationName = Release;
		};
/* End XCConfigurationList section */
	};
	rootObject = F898674F192A317C00735175 /* Project object */;
}
